// !$*UTF8*$!
{
	archiveVersion = 1;
	classes = {
	};
	objectVersion = 46;
	objects = {

/* Begin PBXBuildFile section */
		02B265FC192A89B40091C2EA /* Foundation.framework in Frameworks */ = {isa = PBXBuildFile; fileRef = 02B265FB192A89B40091C2EA /* Foundation.framework */; };
		02B265FE192A89B40091C2EA /* CoreGraphics.framework in Frameworks */ = {isa = PBXBuildFile; fileRef = 02B265FD192A89B40091C2EA /* CoreGraphics.framework */; };
		02B26600192A89B40091C2EA /* UIKit.framework in Frameworks */ = {isa = PBXBuildFile; fileRef = 02B265FF192A89B40091C2EA /* UIKit.framework */; };
		02B2660F192A89B40091C2EA /* Main.storyboard in Resources */ = {isa = PBXBuildFile; fileRef = 02B2660D192A89B40091C2EA /* Main.storyboard */; };
		02B26617192A89B40091C2EA /* Images.xcassets in Resources */ = {isa = PBXBuildFile; fileRef = 02B26616192A89B40091C2EA /* Images.xcassets */; };
		02B2661E192A89B40091C2EA /* XCTest.framework in Frameworks */ = {isa = PBXBuildFile; fileRef = 02B2661D192A89B40091C2EA /* XCTest.framework */; };
		02B2661F192A89B40091C2EA /* Foundation.framework in Frameworks */ = {isa = PBXBuildFile; fileRef = 02B265FB192A89B40091C2EA /* Foundation.framework */; };
		02B26620192A89B40091C2EA /* UIKit.framework in Frameworks */ = {isa = PBXBuildFile; fileRef = 02B265FF192A89B40091C2EA /* UIKit.framework */; };
		02B26628192A89B40091C2EA /* InfoPlist.strings in Resources */ = {isa = PBXBuildFile; fileRef = 02B26626192A89B40091C2EA /* InfoPlist.strings */; };
		02B2662A192A89B40091C2EA /* DeclarationsTests.m in Sources */ = {isa = PBXBuildFile; fileRef = 02B26629192A89B40091C2EA /* DeclarationsTests.m */; };
		02B26654192F4FF40091C2EA /* README.md in Resources */ = {isa = PBXBuildFile; fileRef = 02B2664E192F4FF40091C2EA /* README.md */; };
		02B26655192F4FF40091C2EA /* release_notes.md in Resources */ = {isa = PBXBuildFile; fileRef = 02B2664F192F4FF40091C2EA /* release_notes.md */; };
		02B26660192F545E0091C2EA /* libz.dylib in Frameworks */ = {isa = PBXBuildFile; fileRef = 02B2665F192F545E0091C2EA /* libz.dylib */; };
		B817AD541AD16E450066E325 /* LGMRomanNumber.m in Sources */ = {isa = PBXBuildFile; fileRef = B817AD101AD16E450066E325 /* LGMRomanNumber.m */; };
		B817AD561AD16E450066E325 /* DCAboutViewController.m in Sources */ = {isa = PBXBuildFile; fileRef = B817AD151AD16E450066E325 /* DCAboutViewController.m */; };
		B817AD571AD16E450066E325 /* DCCategoryViewController.m in Sources */ = {isa = PBXBuildFile; fileRef = B817AD191AD16E450066E325 /* DCCategoryViewController.m */; };
		B817AD581AD16E450066E325 /* DCDeclarationsViewController.m in Sources */ = {isa = PBXBuildFile; fileRef = B817AD1B1AD16E450066E325 /* DCDeclarationsViewController.m */; };
		B817AD591AD16E450066E325 /* DCDeclarationViewController.m in Sources */ = {isa = PBXBuildFile; fileRef = B817AD1D1AD16E450066E325 /* DCDeclarationViewController.m */; };
		B817AD5B1AD16E450066E325 /* DCDeputyViewController.m in Sources */ = {isa = PBXBuildFile; fileRef = B817AD221AD16E450066E325 /* DCDeputyViewController.m */; };
		B817AD5C1AD16E450066E325 /* DCOfficialsViewController.m in Sources */ = {isa = PBXBuildFile; fileRef = B817AD251AD16E450066E325 /* DCOfficialsViewController.m */; };
		B817AD5D1AD16E450066E325 /* DCValueTransformer.m in Sources */ = {isa = PBXBuildFile; fileRef = B817AD281AD16E450066E325 /* DCValueTransformer.m */; };
		B817AD5E1AD16E450066E325 /* DCParliament.m in Sources */ = {isa = PBXBuildFile; fileRef = B817AD2B1AD16E450066E325 /* DCParliament.m */; };
		B817AD5F1AD16E450066E325 /* DCParliamentFactory.m in Sources */ = {isa = PBXBuildFile; fileRef = B817AD2D1AD16E450066E325 /* DCParliamentFactory.m */; };
		B817AD601AD16E450066E325 /* DCPerson.m in Sources */ = {isa = PBXBuildFile; fileRef = B817AD2F1AD16E450066E325 /* DCPerson.m */; };
		B817AD611AD16E450066E325 /* DCCategory.m in Sources */ = {isa = PBXBuildFile; fileRef = B817AD331AD16E450066E325 /* DCCategory.m */; };
		B817AD621AD16E450066E325 /* DCDepositsInfo.m in Sources */ = {isa = PBXBuildFile; fileRef = B817AD351AD16E450066E325 /* DCDepositsInfo.m */; };
		B817AD631AD16E450066E325 /* DCFinancialLiabilities.m in Sources */ = {isa = PBXBuildFile; fileRef = B817AD371AD16E450066E325 /* DCFinancialLiabilities.m */; };
		B817AD641AD16E450066E325 /* DCGeneralInfo.m in Sources */ = {isa = PBXBuildFile; fileRef = B817AD391AD16E450066E325 /* DCGeneralInfo.m */; };
		B817AD651AD16E450066E325 /* DCProfitInfo.m in Sources */ = {isa = PBXBuildFile; fileRef = B817AD3B1AD16E450066E325 /* DCProfitInfo.m */; };
		B817AD661AD16E450066E325 /* DCRealtyInfo.m in Sources */ = {isa = PBXBuildFile; fileRef = B817AD3D1AD16E450066E325 /* DCRealtyInfo.m */; };
		B817AD671AD16E450066E325 /* DCVehicle.m in Sources */ = {isa = PBXBuildFile; fileRef = B817AD3F1AD16E450066E325 /* DCVehicle.m */; };
		B817AD681AD16E450066E325 /* DCVehiclesInfo.m in Sources */ = {isa = PBXBuildFile; fileRef = B817AD411AD16E450066E325 /* DCVehiclesInfo.m */; };
		B817AD691AD16E450066E325 /* DCDeclaration.m in Sources */ = {isa = PBXBuildFile; fileRef = B817AD431AD16E450066E325 /* DCDeclaration.m */; };
		B817AD6A1AD16E450066E325 /* DCValue.m in Sources */ = {isa = PBXBuildFile; fileRef = B817AD451AD16E450066E325 /* DCValue.m */; };
		B817AD6B1AD16E450066E325 /* DCDataLoader.m in Sources */ = {isa = PBXBuildFile; fileRef = B817AD481AD16E450066E325 /* DCDataLoader.m */; };
		B817AD6F1AD16E450066E325 /* DCAppDelegate.m in Sources */ = {isa = PBXBuildFile; fileRef = B817AD501AD16E450066E325 /* DCAppDelegate.m */; };
		B817AD721AD16E5A0066E325 /* InfoPlist.strings in Resources */ = {isa = PBXBuildFile; fileRef = B817AD701AD16E5A0066E325 /* InfoPlist.strings */; };
		B817AD951AD172220066E325 /* Declarations.entitlements in Resources */ = {isa = PBXBuildFile; fileRef = B817AD921AD172220066E325 /* Declarations.entitlements */; };
		B817AD971AD172220066E325 /* main.m in Sources */ = {isa = PBXBuildFile; fileRef = B817AD941AD172220066E325 /* main.m */; };
		B817AD9D1AD177600066E325 /* DCCandidateViewController.m in Sources */ = {isa = PBXBuildFile; fileRef = B817AD9B1AD177600066E325 /* DCCandidateViewController.m */; };
		C7CBB7661CA2CE5200392BBB /* DCPersonsListViewController.m in Sources */ = {isa = PBXBuildFile; fileRef = C7CBB7651CA2CE5200392BBB /* DCPersonsListViewController.m */; };
		C7CBB7691CA2DC5500392BBB /* DCPersonsListView.m in Sources */ = {isa = PBXBuildFile; fileRef = C7CBB7681CA2DC5500392BBB /* DCPersonsListView.m */; };
		C7CBB76C1CA2E16C00392BBB /* DCDeputyView.m in Sources */ = {isa = PBXBuildFile; fileRef = C7CBB76B1CA2E16C00392BBB /* DCDeputyView.m */; };
		C7CBB7761CA2E8DB00392BBB /* UITableView+DCTableViewCategory.m in Sources */ = {isa = PBXBuildFile; fileRef = C7CBB7751CA2E8DB00392BBB /* UITableView+DCTableViewCategory.m */; };
		C7CBB7791CA2E95000392BBB /* NSBundle+DCBundleCategory.m in Sources */ = {isa = PBXBuildFile; fileRef = C7CBB7781CA2E95000392BBB /* NSBundle+DCBundleCategory.m */; };
		C7CBB77C1CA2E99400392BBB /* NSArray+DCArrayCategory.m in Sources */ = {isa = PBXBuildFile; fileRef = C7CBB77B1CA2E99400392BBB /* NSArray+DCArrayCategory.m */; };
		C7CBB77F1CA2F03600392BBB /* DCCandidatesView.m in Sources */ = {isa = PBXBuildFile; fileRef = C7CBB77E1CA2F03600392BBB /* DCCandidatesView.m */; };
		C7CBB7821CA2F23D00392BBB /* DCOfficialsView.m in Sources */ = {isa = PBXBuildFile; fileRef = C7CBB7811CA2F23D00392BBB /* DCOfficialsView.m */; };
		C7CBB7851CA322E200392BBB /* DCKindOfCandidate.m in Sources */ = {isa = PBXBuildFile; fileRef = C7CBB7841CA322E200392BBB /* DCKindOfCandidate.m */; };
		C7CBB7881CA3242C00392BBB /* DCArrayModel.m in Sources */ = {isa = PBXBuildFile; fileRef = C7CBB7871CA3242C00392BBB /* DCArrayModel.m */; };
		C7CBB7951CA573A000392BBB /* AFSwipeToHide.m in Sources */ = {isa = PBXBuildFile; fileRef = C7CBB7941CA573A000392BBB /* AFSwipeToHide.m */; };
		C7CBB7991CA686C000392BBB /* UIColor+DCColorCategory.m in Sources */ = {isa = PBXBuildFile; fileRef = C7CBB7981CA686C000392BBB /* UIColor+DCColorCategory.m */; };
		C7CBB79E1CA6DDBC00392BBB /* VMLoadingView.m in Sources */ = {isa = PBXBuildFile; fileRef = C7CBB79C1CA6DDBC00392BBB /* VMLoadingView.m */; };
		C7CBB79F1CA6DDBC00392BBB /* VMLoadingView.xib in Resources */ = {isa = PBXBuildFile; fileRef = C7CBB79D1CA6DDBC00392BBB /* VMLoadingView.xib */; };
		C7CBB7A31CA6DDD500392BBB /* UIView+MILoadingViewCategory.m in Sources */ = {isa = PBXBuildFile; fileRef = C7CBB7A21CA6DDD500392BBB /* UIView+MILoadingViewCategory.m */; };
		C7CBB7A71CA701FF00392BBB /* DCPersonListHeaderView.m in Sources */ = {isa = PBXBuildFile; fileRef = C7CBB7A61CA701FF00392BBB /* DCPersonListHeaderView.m */; };
		C7CBB7AB1CA7023300392BBB /* DCNavigationBar.m in Sources */ = {isa = PBXBuildFile; fileRef = C7CBB7AA1CA7023300392BBB /* DCNavigationBar.m */; };
		C7CBB7BC1CA7030000392BBB /* DCCategoryCell.m in Sources */ = {isa = PBXBuildFile; fileRef = C7CBB7AF1CA7030000392BBB /* DCCategoryCell.m */; };
		C7CBB7BD1CA7030000392BBB /* DCPersonTableViewCell.m in Sources */ = {isa = PBXBuildFile; fileRef = C7CBB7B21CA7030000392BBB /* DCPersonTableViewCell.m */; };
		C7CBB7BE1CA7030000392BBB /* DCScopeCollectionViewCell.m in Sources */ = {isa = PBXBuildFile; fileRef = C7CBB7B51CA7030000392BBB /* DCScopeCollectionViewCell.m */; };
		C7CBB7BF1CA7030000392BBB /* DCValueCellView.m in Sources */ = {isa = PBXBuildFile; fileRef = C7CBB7B81CA7030000392BBB /* DCValueCellView.m */; };
		C7CBB7C01CA7030000392BBB /* DCVehicleTableViewCell.m in Sources */ = {isa = PBXBuildFile; fileRef = C7CBB7BB1CA7030000392BBB /* DCVehicleTableViewCell.m */; };
		C7CBB7C41CA7047B00392BBB /* MIStoreHeaderFlowLayout.m in Sources */ = {isa = PBXBuildFile; fileRef = C7CBB7C31CA7047B00392BBB /* MIStoreHeaderFlowLayout.m */; };
		C7CBB7C61CA7052E00392BBB /* DCPersonListHeaderView.xib in Resources */ = {isa = PBXBuildFile; fileRef = C7CBB7C51CA7052E00392BBB /* DCPersonListHeaderView.xib */; };
		C7CBB7CB1CA7217A00392BBB /* DCMailToButton.m in Sources */ = {isa = PBXBuildFile; fileRef = C7CBB7CA1CA7217A00392BBB /* DCMailToButton.m */; };
		C7CBB7CE1CA7219400392BBB /* DCMailToView.m in Sources */ = {isa = PBXBuildFile; fileRef = C7CBB7CD1CA7219400392BBB /* DCMailToView.m */; };
		C7CBB7D01CA721A800392BBB /* DCMailToView.xib in Resources */ = {isa = PBXBuildFile; fileRef = C7CBB7CF1CA721A800392BBB /* DCMailToView.xib */; };
		C7CBB7D31CA729AA00392BBB /* UILabel+DCSetFontCategory.m in Sources */ = {isa = PBXBuildFile; fileRef = C7CBB7D21CA729AA00392BBB /* UILabel+DCSetFontCategory.m */; };
		C7CBB7D61CA729EC00392BBB /* UIFont+DCFontSizeCategory.m in Sources */ = {isa = PBXBuildFile; fileRef = C7CBB7D51CA729EC00392BBB /* UIFont+DCFontSizeCategory.m */; };
		C7CBB7D91CB3C02D00392BBB /* CGRect+DCExtension.m in Sources */ = {isa = PBXBuildFile; fileRef = C7CBB7D81CB3C02D00392BBB /* CGRect+DCExtension.m */; };
/* End PBXBuildFile section */

/* Begin PBXContainerItemProxy section */
		02B26621192A89B40091C2EA /* PBXContainerItemProxy */ = {
			isa = PBXContainerItemProxy;
			containerPortal = 02B265F0192A89B40091C2EA /* Project object */;
			proxyType = 1;
			remoteGlobalIDString = 02B265F7192A89B40091C2EA;
			remoteInfo = Declarations;
		};
/* End PBXContainerItemProxy section */

/* Begin PBXFileReference section */
		02B265F8192A89B40091C2EA /* Declarations.app */ = {isa = PBXFileReference; explicitFileType = wrapper.application; includeInIndex = 0; path = Declarations.app; sourceTree = BUILT_PRODUCTS_DIR; };
		02B265FB192A89B40091C2EA /* Foundation.framework */ = {isa = PBXFileReference; lastKnownFileType = wrapper.framework; name = Foundation.framework; path = System/Library/Frameworks/Foundation.framework; sourceTree = SDKROOT; };
		02B265FD192A89B40091C2EA /* CoreGraphics.framework */ = {isa = PBXFileReference; lastKnownFileType = wrapper.framework; name = CoreGraphics.framework; path = System/Library/Frameworks/CoreGraphics.framework; sourceTree = SDKROOT; };
		02B265FF192A89B40091C2EA /* UIKit.framework */ = {isa = PBXFileReference; lastKnownFileType = wrapper.framework; name = UIKit.framework; path = System/Library/Frameworks/UIKit.framework; sourceTree = SDKROOT; };
		02B2660E192A89B40091C2EA /* Base */ = {isa = PBXFileReference; lastKnownFileType = file.storyboard; name = Base; path = Base.lproj/Main.storyboard; sourceTree = "<group>"; };
		02B26616192A89B40091C2EA /* Images.xcassets */ = {isa = PBXFileReference; lastKnownFileType = folder.assetcatalog; path = Images.xcassets; sourceTree = "<group>"; };
		02B2661C192A89B40091C2EA /* DeclarationsTests.xctest */ = {isa = PBXFileReference; explicitFileType = wrapper.cfbundle; includeInIndex = 0; path = DeclarationsTests.xctest; sourceTree = BUILT_PRODUCTS_DIR; };
		02B2661D192A89B40091C2EA /* XCTest.framework */ = {isa = PBXFileReference; lastKnownFileType = wrapper.framework; name = XCTest.framework; path = Library/Frameworks/XCTest.framework; sourceTree = DEVELOPER_DIR; };
		02B26625192A89B40091C2EA /* DeclarationsTests-Info.plist */ = {isa = PBXFileReference; lastKnownFileType = text.plist.xml; path = "DeclarationsTests-Info.plist"; sourceTree = "<group>"; };
		02B26627192A89B40091C2EA /* en */ = {isa = PBXFileReference; lastKnownFileType = text.plist.strings; name = en; path = en.lproj/InfoPlist.strings; sourceTree = "<group>"; };
		02B26629192A89B40091C2EA /* DeclarationsTests.m */ = {isa = PBXFileReference; lastKnownFileType = sourcecode.c.objc; path = DeclarationsTests.m; sourceTree = "<group>"; };
		02B2664D192F4FF40091C2EA /* libTestFlight.a */ = {isa = PBXFileReference; lastKnownFileType = archive.ar; path = libTestFlight.a; sourceTree = "<group>"; };
		02B2664E192F4FF40091C2EA /* README.md */ = {isa = PBXFileReference; fileEncoding = 4; lastKnownFileType = text; path = README.md; sourceTree = "<group>"; };
		02B2664F192F4FF40091C2EA /* release_notes.md */ = {isa = PBXFileReference; fileEncoding = 4; lastKnownFileType = text; path = release_notes.md; sourceTree = "<group>"; };
		02B26650192F4FF40091C2EA /* TestFlight+AsyncLogging.h */ = {isa = PBXFileReference; fileEncoding = 4; lastKnownFileType = sourcecode.c.h; path = "TestFlight+AsyncLogging.h"; sourceTree = "<group>"; };
		02B26651192F4FF40091C2EA /* TestFlight+ManualSessions.h */ = {isa = PBXFileReference; fileEncoding = 4; lastKnownFileType = sourcecode.c.h; path = "TestFlight+ManualSessions.h"; sourceTree = "<group>"; };
		02B26652192F4FF40091C2EA /* TestFlight.h */ = {isa = PBXFileReference; fileEncoding = 4; lastKnownFileType = sourcecode.c.h; path = TestFlight.h; sourceTree = "<group>"; };
		02B2665A192F51330091C2EA /* AdHoc.xcconfig */ = {isa = PBXFileReference; fileEncoding = 4; lastKnownFileType = text.xcconfig; path = AdHoc.xcconfig; sourceTree = "<group>"; };
		02B2665D192F54430091C2EA /* Security.framework */ = {isa = PBXFileReference; lastKnownFileType = wrapper.framework; name = Security.framework; path = System/Library/Frameworks/Security.framework; sourceTree = SDKROOT; };
		02B2665F192F545E0091C2EA /* libz.dylib */ = {isa = PBXFileReference; lastKnownFileType = "compiled.mach-o.dylib"; name = libz.dylib; path = usr/lib/libz.dylib; sourceTree = SDKROOT; };
		B817AD0F1AD16E450066E325 /* LGMRomanNumber.h */ = {isa = PBXFileReference; fileEncoding = 4; lastKnownFileType = sourcecode.c.h; path = LGMRomanNumber.h; sourceTree = "<group>"; };
		B817AD101AD16E450066E325 /* LGMRomanNumber.m */ = {isa = PBXFileReference; fileEncoding = 4; lastKnownFileType = sourcecode.c.objc; path = LGMRomanNumber.m; sourceTree = "<group>"; };
		B817AD141AD16E450066E325 /* DCAboutViewController.h */ = {isa = PBXFileReference; fileEncoding = 4; lastKnownFileType = sourcecode.c.h; path = DCAboutViewController.h; sourceTree = "<group>"; };
		B817AD151AD16E450066E325 /* DCAboutViewController.m */ = {isa = PBXFileReference; fileEncoding = 4; lastKnownFileType = sourcecode.c.objc; path = DCAboutViewController.m; sourceTree = "<group>"; };
		B817AD181AD16E450066E325 /* DCCategoryViewController.h */ = {isa = PBXFileReference; fileEncoding = 4; lastKnownFileType = sourcecode.c.h; path = DCCategoryViewController.h; sourceTree = "<group>"; };
		B817AD191AD16E450066E325 /* DCCategoryViewController.m */ = {isa = PBXFileReference; fileEncoding = 4; lastKnownFileType = sourcecode.c.objc; path = DCCategoryViewController.m; sourceTree = "<group>"; };
		B817AD1A1AD16E450066E325 /* DCDeclarationsViewController.h */ = {isa = PBXFileReference; fileEncoding = 4; lastKnownFileType = sourcecode.c.h; path = DCDeclarationsViewController.h; sourceTree = "<group>"; };
		B817AD1B1AD16E450066E325 /* DCDeclarationsViewController.m */ = {isa = PBXFileReference; fileEncoding = 4; lastKnownFileType = sourcecode.c.objc; path = DCDeclarationsViewController.m; sourceTree = "<group>"; };
		B817AD1C1AD16E450066E325 /* DCDeclarationViewController.h */ = {isa = PBXFileReference; fileEncoding = 4; lastKnownFileType = sourcecode.c.h; path = DCDeclarationViewController.h; sourceTree = "<group>"; };
		B817AD1D1AD16E450066E325 /* DCDeclarationViewController.m */ = {isa = PBXFileReference; fileEncoding = 4; lastKnownFileType = sourcecode.c.objc; path = DCDeclarationViewController.m; sourceTree = "<group>"; };
		B817AD211AD16E450066E325 /* DCDeputyViewController.h */ = {isa = PBXFileReference; fileEncoding = 4; lastKnownFileType = sourcecode.c.h; path = DCDeputyViewController.h; sourceTree = "<group>"; };
		B817AD221AD16E450066E325 /* DCDeputyViewController.m */ = {isa = PBXFileReference; fileEncoding = 4; lastKnownFileType = sourcecode.c.objc; path = DCDeputyViewController.m; sourceTree = "<group>"; };
		B817AD241AD16E450066E325 /* DCOfficialsViewController.h */ = {isa = PBXFileReference; fileEncoding = 4; lastKnownFileType = sourcecode.c.h; path = DCOfficialsViewController.h; sourceTree = "<group>"; };
		B817AD251AD16E450066E325 /* DCOfficialsViewController.m */ = {isa = PBXFileReference; fileEncoding = 4; lastKnownFileType = sourcecode.c.objc; path = DCOfficialsViewController.m; sourceTree = "<group>"; };
		B817AD271AD16E450066E325 /* DCValueTransformer.h */ = {isa = PBXFileReference; fileEncoding = 4; lastKnownFileType = sourcecode.c.h; path = DCValueTransformer.h; sourceTree = "<group>"; };
		B817AD281AD16E450066E325 /* DCValueTransformer.m */ = {isa = PBXFileReference; fileEncoding = 4; lastKnownFileType = sourcecode.c.objc; path = DCValueTransformer.m; sourceTree = "<group>"; };
		B817AD2A1AD16E450066E325 /* DCParliament.h */ = {isa = PBXFileReference; fileEncoding = 4; lastKnownFileType = sourcecode.c.h; path = DCParliament.h; sourceTree = "<group>"; };
		B817AD2B1AD16E450066E325 /* DCParliament.m */ = {isa = PBXFileReference; fileEncoding = 4; lastKnownFileType = sourcecode.c.objc; path = DCParliament.m; sourceTree = "<group>"; };
		B817AD2C1AD16E450066E325 /* DCParliamentFactory.h */ = {isa = PBXFileReference; fileEncoding = 4; lastKnownFileType = sourcecode.c.h; path = DCParliamentFactory.h; sourceTree = "<group>"; };
		B817AD2D1AD16E450066E325 /* DCParliamentFactory.m */ = {isa = PBXFileReference; fileEncoding = 4; lastKnownFileType = sourcecode.c.objc; path = DCParliamentFactory.m; sourceTree = "<group>"; };
		B817AD2E1AD16E450066E325 /* DCPerson.h */ = {isa = PBXFileReference; fileEncoding = 4; lastKnownFileType = sourcecode.c.h; path = DCPerson.h; sourceTree = "<group>"; };
		B817AD2F1AD16E450066E325 /* DCPerson.m */ = {isa = PBXFileReference; fileEncoding = 4; lastKnownFileType = sourcecode.c.objc; path = DCPerson.m; sourceTree = "<group>"; };
		B817AD321AD16E450066E325 /* DCCategory.h */ = {isa = PBXFileReference; fileEncoding = 4; lastKnownFileType = sourcecode.c.h; path = DCCategory.h; sourceTree = "<group>"; };
		B817AD331AD16E450066E325 /* DCCategory.m */ = {isa = PBXFileReference; fileEncoding = 4; lastKnownFileType = sourcecode.c.objc; path = DCCategory.m; sourceTree = "<group>"; };
		B817AD341AD16E450066E325 /* DCDepositsInfo.h */ = {isa = PBXFileReference; fileEncoding = 4; lastKnownFileType = sourcecode.c.h; path = DCDepositsInfo.h; sourceTree = "<group>"; };
		B817AD351AD16E450066E325 /* DCDepositsInfo.m */ = {isa = PBXFileReference; fileEncoding = 4; lastKnownFileType = sourcecode.c.objc; path = DCDepositsInfo.m; sourceTree = "<group>"; };
		B817AD361AD16E450066E325 /* DCFinancialLiabilities.h */ = {isa = PBXFileReference; fileEncoding = 4; lastKnownFileType = sourcecode.c.h; path = DCFinancialLiabilities.h; sourceTree = "<group>"; };
		B817AD371AD16E450066E325 /* DCFinancialLiabilities.m */ = {isa = PBXFileReference; fileEncoding = 4; lastKnownFileType = sourcecode.c.objc; path = DCFinancialLiabilities.m; sourceTree = "<group>"; };
		B817AD381AD16E450066E325 /* DCGeneralInfo.h */ = {isa = PBXFileReference; fileEncoding = 4; lastKnownFileType = sourcecode.c.h; path = DCGeneralInfo.h; sourceTree = "<group>"; };
		B817AD391AD16E450066E325 /* DCGeneralInfo.m */ = {isa = PBXFileReference; fileEncoding = 4; lastKnownFileType = sourcecode.c.objc; path = DCGeneralInfo.m; sourceTree = "<group>"; };
		B817AD3A1AD16E450066E325 /* DCProfitInfo.h */ = {isa = PBXFileReference; fileEncoding = 4; lastKnownFileType = sourcecode.c.h; path = DCProfitInfo.h; sourceTree = "<group>"; };
		B817AD3B1AD16E450066E325 /* DCProfitInfo.m */ = {isa = PBXFileReference; fileEncoding = 4; lastKnownFileType = sourcecode.c.objc; path = DCProfitInfo.m; sourceTree = "<group>"; };
		B817AD3C1AD16E450066E325 /* DCRealtyInfo.h */ = {isa = PBXFileReference; fileEncoding = 4; lastKnownFileType = sourcecode.c.h; path = DCRealtyInfo.h; sourceTree = "<group>"; };
		B817AD3D1AD16E450066E325 /* DCRealtyInfo.m */ = {isa = PBXFileReference; fileEncoding = 4; lastKnownFileType = sourcecode.c.objc; path = DCRealtyInfo.m; sourceTree = "<group>"; };
		B817AD3E1AD16E450066E325 /* DCVehicle.h */ = {isa = PBXFileReference; fileEncoding = 4; lastKnownFileType = sourcecode.c.h; path = DCVehicle.h; sourceTree = "<group>"; };
		B817AD3F1AD16E450066E325 /* DCVehicle.m */ = {isa = PBXFileReference; fileEncoding = 4; lastKnownFileType = sourcecode.c.objc; path = DCVehicle.m; sourceTree = "<group>"; };
		B817AD401AD16E450066E325 /* DCVehiclesInfo.h */ = {isa = PBXFileReference; fileEncoding = 4; lastKnownFileType = sourcecode.c.h; path = DCVehiclesInfo.h; sourceTree = "<group>"; };
		B817AD411AD16E450066E325 /* DCVehiclesInfo.m */ = {isa = PBXFileReference; fileEncoding = 4; lastKnownFileType = sourcecode.c.objc; path = DCVehiclesInfo.m; sourceTree = "<group>"; };
		B817AD421AD16E450066E325 /* DCDeclaration.h */ = {isa = PBXFileReference; fileEncoding = 4; lastKnownFileType = sourcecode.c.h; path = DCDeclaration.h; sourceTree = "<group>"; };
		B817AD431AD16E450066E325 /* DCDeclaration.m */ = {isa = PBXFileReference; fileEncoding = 4; lastKnownFileType = sourcecode.c.objc; path = DCDeclaration.m; sourceTree = "<group>"; };
		B817AD441AD16E450066E325 /* DCValue.h */ = {isa = PBXFileReference; fileEncoding = 4; lastKnownFileType = sourcecode.c.h; path = DCValue.h; sourceTree = "<group>"; };
		B817AD451AD16E450066E325 /* DCValue.m */ = {isa = PBXFileReference; fileEncoding = 4; lastKnownFileType = sourcecode.c.objc; path = DCValue.m; sourceTree = "<group>"; };
		B817AD471AD16E450066E325 /* DCDataLoader.h */ = {isa = PBXFileReference; fileEncoding = 4; lastKnownFileType = sourcecode.c.h; path = DCDataLoader.h; sourceTree = "<group>"; };
		B817AD481AD16E450066E325 /* DCDataLoader.m */ = {isa = PBXFileReference; fileEncoding = 4; lastKnownFileType = sourcecode.c.objc; path = DCDataLoader.m; sourceTree = "<group>"; };
		B817AD501AD16E450066E325 /* DCAppDelegate.m */ = {isa = PBXFileReference; fileEncoding = 4; lastKnownFileType = sourcecode.c.objc; name = DCAppDelegate.m; path = Source/DCAppDelegate.m; sourceTree = "<group>"; };
		B817AD511AD16E450066E325 /* DCAppDelegate.h */ = {isa = PBXFileReference; fileEncoding = 4; lastKnownFileType = sourcecode.c.h; name = DCAppDelegate.h; path = Source/DCAppDelegate.h; sourceTree = "<group>"; };
		B817AD711AD16E5A0066E325 /* en */ = {isa = PBXFileReference; lastKnownFileType = text.plist.strings; name = en; path = Declarations/en.lproj/InfoPlist.strings; sourceTree = SOURCE_ROOT; };
		B817AD881AD171E10066E325 /* libTestFlight.a */ = {isa = PBXFileReference; lastKnownFileType = archive.ar; path = libTestFlight.a; sourceTree = "<group>"; };
		B817AD891AD171E10066E325 /* README.md */ = {isa = PBXFileReference; fileEncoding = 4; lastKnownFileType = net.daringfireball.markdown; path = README.md; sourceTree = "<group>"; };
		B817AD8A1AD171E10066E325 /* release_notes.md */ = {isa = PBXFileReference; fileEncoding = 4; lastKnownFileType = net.daringfireball.markdown; path = release_notes.md; sourceTree = "<group>"; };
		B817AD8B1AD171E10066E325 /* TestFlight+AsyncLogging.h */ = {isa = PBXFileReference; fileEncoding = 4; lastKnownFileType = sourcecode.c.h; path = "TestFlight+AsyncLogging.h"; sourceTree = "<group>"; };
		B817AD8C1AD171E10066E325 /* TestFlight+ManualSessions.h */ = {isa = PBXFileReference; fileEncoding = 4; lastKnownFileType = sourcecode.c.h; path = "TestFlight+ManualSessions.h"; sourceTree = "<group>"; };
		B817AD8D1AD171E10066E325 /* TestFlight.h */ = {isa = PBXFileReference; fileEncoding = 4; lastKnownFileType = sourcecode.c.h; path = TestFlight.h; sourceTree = "<group>"; };
		B817AD911AD172220066E325 /* Declarations-Prefix.pch */ = {isa = PBXFileReference; fileEncoding = 4; lastKnownFileType = sourcecode.c.h; name = "Declarations-Prefix.pch"; path = "Declarations/Declarations-Prefix.pch"; sourceTree = SOURCE_ROOT; };
		B817AD921AD172220066E325 /* Declarations.entitlements */ = {isa = PBXFileReference; fileEncoding = 4; lastKnownFileType = text.xml; name = Declarations.entitlements; path = Declarations/Declarations.entitlements; sourceTree = SOURCE_ROOT; };
		B817AD931AD172220066E325 /* Declarations-Info.plist */ = {isa = PBXFileReference; fileEncoding = 4; lastKnownFileType = text.plist.xml; name = "Declarations-Info.plist"; path = "Declarations/Declarations-Info.plist"; sourceTree = SOURCE_ROOT; };
		B817AD941AD172220066E325 /* main.m */ = {isa = PBXFileReference; fileEncoding = 4; lastKnownFileType = sourcecode.c.objc; name = main.m; path = Declarations/main.m; sourceTree = SOURCE_ROOT; };
		B817AD981AD177600066E325 /* DCCandidateViewController.h */ = {isa = PBXFileReference; fileEncoding = 4; lastKnownFileType = sourcecode.c.h; path = DCCandidateViewController.h; sourceTree = "<group>"; };
		B817AD9B1AD177600066E325 /* DCCandidateViewController.m */ = {isa = PBXFileReference; fileEncoding = 4; lastKnownFileType = sourcecode.c.objc; path = DCCandidateViewController.m; sourceTree = "<group>"; };
		C7CBB7641CA2CE5200392BBB /* DCPersonsListViewController.h */ = {isa = PBXFileReference; fileEncoding = 4; lastKnownFileType = sourcecode.c.h; path = DCPersonsListViewController.h; sourceTree = "<group>"; };
		C7CBB7651CA2CE5200392BBB /* DCPersonsListViewController.m */ = {isa = PBXFileReference; fileEncoding = 4; lastKnownFileType = sourcecode.c.objc; path = DCPersonsListViewController.m; sourceTree = "<group>"; };
		C7CBB7671CA2DC5500392BBB /* DCPersonsListView.h */ = {isa = PBXFileReference; fileEncoding = 4; lastKnownFileType = sourcecode.c.h; path = DCPersonsListView.h; sourceTree = "<group>"; };
		C7CBB7681CA2DC5500392BBB /* DCPersonsListView.m */ = {isa = PBXFileReference; fileEncoding = 4; lastKnownFileType = sourcecode.c.objc; path = DCPersonsListView.m; sourceTree = "<group>"; };
		C7CBB76A1CA2E16C00392BBB /* DCDeputyView.h */ = {isa = PBXFileReference; fileEncoding = 4; lastKnownFileType = sourcecode.c.h; path = DCDeputyView.h; sourceTree = "<group>"; };
		C7CBB76B1CA2E16C00392BBB /* DCDeputyView.m */ = {isa = PBXFileReference; fileEncoding = 4; lastKnownFileType = sourcecode.c.objc; path = DCDeputyView.m; sourceTree = "<group>"; };
		C7CBB76F1CA2E4C700392BBB /* DCPropertyMacros.h */ = {isa = PBXFileReference; fileEncoding = 4; lastKnownFileType = sourcecode.c.h; path = DCPropertyMacros.h; sourceTree = "<group>"; };
		C7CBB7741CA2E8DB00392BBB /* UITableView+DCTableViewCategory.h */ = {isa = PBXFileReference; fileEncoding = 4; lastKnownFileType = sourcecode.c.h; path = "UITableView+DCTableViewCategory.h"; sourceTree = "<group>"; };
		C7CBB7751CA2E8DB00392BBB /* UITableView+DCTableViewCategory.m */ = {isa = PBXFileReference; fileEncoding = 4; lastKnownFileType = sourcecode.c.objc; path = "UITableView+DCTableViewCategory.m"; sourceTree = "<group>"; };
		C7CBB7771CA2E95000392BBB /* NSBundle+DCBundleCategory.h */ = {isa = PBXFileReference; fileEncoding = 4; lastKnownFileType = sourcecode.c.h; path = "NSBundle+DCBundleCategory.h"; sourceTree = "<group>"; };
		C7CBB7781CA2E95000392BBB /* NSBundle+DCBundleCategory.m */ = {isa = PBXFileReference; fileEncoding = 4; lastKnownFileType = sourcecode.c.objc; path = "NSBundle+DCBundleCategory.m"; sourceTree = "<group>"; };
		C7CBB77A1CA2E99400392BBB /* NSArray+DCArrayCategory.h */ = {isa = PBXFileReference; fileEncoding = 4; lastKnownFileType = sourcecode.c.h; path = "NSArray+DCArrayCategory.h"; sourceTree = "<group>"; };
		C7CBB77B1CA2E99400392BBB /* NSArray+DCArrayCategory.m */ = {isa = PBXFileReference; fileEncoding = 4; lastKnownFileType = sourcecode.c.objc; path = "NSArray+DCArrayCategory.m"; sourceTree = "<group>"; };
		C7CBB77D1CA2F03600392BBB /* DCCandidatesView.h */ = {isa = PBXFileReference; fileEncoding = 4; lastKnownFileType = sourcecode.c.h; path = DCCandidatesView.h; sourceTree = "<group>"; };
		C7CBB77E1CA2F03600392BBB /* DCCandidatesView.m */ = {isa = PBXFileReference; fileEncoding = 4; lastKnownFileType = sourcecode.c.objc; path = DCCandidatesView.m; sourceTree = "<group>"; };
		C7CBB7801CA2F23D00392BBB /* DCOfficialsView.h */ = {isa = PBXFileReference; fileEncoding = 4; lastKnownFileType = sourcecode.c.h; path = DCOfficialsView.h; sourceTree = "<group>"; };
		C7CBB7811CA2F23D00392BBB /* DCOfficialsView.m */ = {isa = PBXFileReference; fileEncoding = 4; lastKnownFileType = sourcecode.c.objc; path = DCOfficialsView.m; sourceTree = "<group>"; };
		C7CBB7831CA322E200392BBB /* DCKindOfCandidate.h */ = {isa = PBXFileReference; fileEncoding = 4; lastKnownFileType = sourcecode.c.h; path = DCKindOfCandidate.h; sourceTree = "<group>"; };
		C7CBB7841CA322E200392BBB /* DCKindOfCandidate.m */ = {isa = PBXFileReference; fileEncoding = 4; lastKnownFileType = sourcecode.c.objc; path = DCKindOfCandidate.m; sourceTree = "<group>"; };
		C7CBB7861CA3242C00392BBB /* DCArrayModel.h */ = {isa = PBXFileReference; fileEncoding = 4; lastKnownFileType = sourcecode.c.h; path = DCArrayModel.h; sourceTree = "<group>"; };
		C7CBB7871CA3242C00392BBB /* DCArrayModel.m */ = {isa = PBXFileReference; fileEncoding = 4; lastKnownFileType = sourcecode.c.objc; path = DCArrayModel.m; sourceTree = "<group>"; };
		C7CBB7931CA573A000392BBB /* AFSwipeToHide.h */ = {isa = PBXFileReference; fileEncoding = 4; lastKnownFileType = sourcecode.c.h; path = AFSwipeToHide.h; sourceTree = "<group>"; };
		C7CBB7941CA573A000392BBB /* AFSwipeToHide.m */ = {isa = PBXFileReference; fileEncoding = 4; lastKnownFileType = sourcecode.c.objc; path = AFSwipeToHide.m; sourceTree = "<group>"; };
		C7CBB7961CA6863700392BBB /* DCColorMacros.h */ = {isa = PBXFileReference; lastKnownFileType = sourcecode.c.h; path = DCColorMacros.h; sourceTree = "<group>"; };
		C7CBB7971CA686C000392BBB /* UIColor+DCColorCategory.h */ = {isa = PBXFileReference; fileEncoding = 4; lastKnownFileType = sourcecode.c.h; path = "UIColor+DCColorCategory.h"; sourceTree = "<group>"; };
		C7CBB7981CA686C000392BBB /* UIColor+DCColorCategory.m */ = {isa = PBXFileReference; fileEncoding = 4; lastKnownFileType = sourcecode.c.objc; path = "UIColor+DCColorCategory.m"; sourceTree = "<group>"; };
		C7CBB79B1CA6DDBC00392BBB /* VMLoadingView.h */ = {isa = PBXFileReference; fileEncoding = 4; lastKnownFileType = sourcecode.c.h; path = VMLoadingView.h; sourceTree = "<group>"; };
		C7CBB79C1CA6DDBC00392BBB /* VMLoadingView.m */ = {isa = PBXFileReference; fileEncoding = 4; lastKnownFileType = sourcecode.c.objc; path = VMLoadingView.m; sourceTree = "<group>"; };
		C7CBB79D1CA6DDBC00392BBB /* VMLoadingView.xib */ = {isa = PBXFileReference; fileEncoding = 4; lastKnownFileType = file.xib; path = VMLoadingView.xib; sourceTree = "<group>"; };
		C7CBB7A11CA6DDD500392BBB /* UIView+MILoadingViewCategory.h */ = {isa = PBXFileReference; fileEncoding = 4; lastKnownFileType = sourcecode.c.h; path = "UIView+MILoadingViewCategory.h"; sourceTree = "<group>"; };
		C7CBB7A21CA6DDD500392BBB /* UIView+MILoadingViewCategory.m */ = {isa = PBXFileReference; fileEncoding = 4; lastKnownFileType = sourcecode.c.objc; path = "UIView+MILoadingViewCategory.m"; sourceTree = "<group>"; };
		C7CBB7A51CA701FF00392BBB /* DCPersonListHeaderView.h */ = {isa = PBXFileReference; fileEncoding = 4; lastKnownFileType = sourcecode.c.h; path = DCPersonListHeaderView.h; sourceTree = "<group>"; };
		C7CBB7A61CA701FF00392BBB /* DCPersonListHeaderView.m */ = {isa = PBXFileReference; fileEncoding = 4; lastKnownFileType = sourcecode.c.objc; path = DCPersonListHeaderView.m; sourceTree = "<group>"; };
		C7CBB7A91CA7023300392BBB /* DCNavigationBar.h */ = {isa = PBXFileReference; fileEncoding = 4; lastKnownFileType = sourcecode.c.h; path = DCNavigationBar.h; sourceTree = "<group>"; };
		C7CBB7AA1CA7023300392BBB /* DCNavigationBar.m */ = {isa = PBXFileReference; fileEncoding = 4; lastKnownFileType = sourcecode.c.objc; path = DCNavigationBar.m; sourceTree = "<group>"; };
		C7CBB7AE1CA7030000392BBB /* DCCategoryCell.h */ = {isa = PBXFileReference; fileEncoding = 4; lastKnownFileType = sourcecode.c.h; path = DCCategoryCell.h; sourceTree = "<group>"; };
		C7CBB7AF1CA7030000392BBB /* DCCategoryCell.m */ = {isa = PBXFileReference; fileEncoding = 4; lastKnownFileType = sourcecode.c.objc; path = DCCategoryCell.m; sourceTree = "<group>"; };
		C7CBB7B11CA7030000392BBB /* DCPersonTableViewCell.h */ = {isa = PBXFileReference; fileEncoding = 4; lastKnownFileType = sourcecode.c.h; path = DCPersonTableViewCell.h; sourceTree = "<group>"; };
		C7CBB7B21CA7030000392BBB /* DCPersonTableViewCell.m */ = {isa = PBXFileReference; fileEncoding = 4; lastKnownFileType = sourcecode.c.objc; path = DCPersonTableViewCell.m; sourceTree = "<group>"; };
		C7CBB7B41CA7030000392BBB /* DCScopeCollectionViewCell.h */ = {isa = PBXFileReference; fileEncoding = 4; lastKnownFileType = sourcecode.c.h; path = DCScopeCollectionViewCell.h; sourceTree = "<group>"; };
		C7CBB7B51CA7030000392BBB /* DCScopeCollectionViewCell.m */ = {isa = PBXFileReference; fileEncoding = 4; lastKnownFileType = sourcecode.c.objc; path = DCScopeCollectionViewCell.m; sourceTree = "<group>"; };
		C7CBB7B71CA7030000392BBB /* DCValueCellView.h */ = {isa = PBXFileReference; fileEncoding = 4; lastKnownFileType = sourcecode.c.h; path = DCValueCellView.h; sourceTree = "<group>"; };
		C7CBB7B81CA7030000392BBB /* DCValueCellView.m */ = {isa = PBXFileReference; fileEncoding = 4; lastKnownFileType = sourcecode.c.objc; path = DCValueCellView.m; sourceTree = "<group>"; };
		C7CBB7BA1CA7030000392BBB /* DCVehicleTableViewCell.h */ = {isa = PBXFileReference; fileEncoding = 4; lastKnownFileType = sourcecode.c.h; path = DCVehicleTableViewCell.h; sourceTree = "<group>"; };
		C7CBB7BB1CA7030000392BBB /* DCVehicleTableViewCell.m */ = {isa = PBXFileReference; fileEncoding = 4; lastKnownFileType = sourcecode.c.objc; path = DCVehicleTableViewCell.m; sourceTree = "<group>"; };
		C7CBB7C21CA7047B00392BBB /* MIStoreHeaderFlowLayout.h */ = {isa = PBXFileReference; fileEncoding = 4; lastKnownFileType = sourcecode.c.h; path = MIStoreHeaderFlowLayout.h; sourceTree = "<group>"; };
		C7CBB7C31CA7047B00392BBB /* MIStoreHeaderFlowLayout.m */ = {isa = PBXFileReference; fileEncoding = 4; lastKnownFileType = sourcecode.c.objc; path = MIStoreHeaderFlowLayout.m; sourceTree = "<group>"; };
		C7CBB7C51CA7052E00392BBB /* DCPersonListHeaderView.xib */ = {isa = PBXFileReference; fileEncoding = 4; lastKnownFileType = file.xib; path = DCPersonListHeaderView.xib; sourceTree = "<group>"; };
		C7CBB7C91CA7217A00392BBB /* DCMailToButton.h */ = {isa = PBXFileReference; fileEncoding = 4; lastKnownFileType = sourcecode.c.h; path = DCMailToButton.h; sourceTree = "<group>"; };
		C7CBB7CA1CA7217A00392BBB /* DCMailToButton.m */ = {isa = PBXFileReference; fileEncoding = 4; lastKnownFileType = sourcecode.c.objc; path = DCMailToButton.m; sourceTree = "<group>"; };
		C7CBB7CC1CA7219400392BBB /* DCMailToView.h */ = {isa = PBXFileReference; fileEncoding = 4; lastKnownFileType = sourcecode.c.h; path = DCMailToView.h; sourceTree = "<group>"; };
		C7CBB7CD1CA7219400392BBB /* DCMailToView.m */ = {isa = PBXFileReference; fileEncoding = 4; lastKnownFileType = sourcecode.c.objc; path = DCMailToView.m; sourceTree = "<group>"; };
		C7CBB7CF1CA721A800392BBB /* DCMailToView.xib */ = {isa = PBXFileReference; fileEncoding = 4; lastKnownFileType = file.xib; path = DCMailToView.xib; sourceTree = "<group>"; };
		C7CBB7D11CA729AA00392BBB /* UILabel+DCSetFontCategory.h */ = {isa = PBXFileReference; fileEncoding = 4; lastKnownFileType = sourcecode.c.h; path = "UILabel+DCSetFontCategory.h"; sourceTree = "<group>"; };
		C7CBB7D21CA729AA00392BBB /* UILabel+DCSetFontCategory.m */ = {isa = PBXFileReference; fileEncoding = 4; lastKnownFileType = sourcecode.c.objc; path = "UILabel+DCSetFontCategory.m"; sourceTree = "<group>"; };
		C7CBB7D41CA729EC00392BBB /* UIFont+DCFontSizeCategory.h */ = {isa = PBXFileReference; fileEncoding = 4; lastKnownFileType = sourcecode.c.h; path = "UIFont+DCFontSizeCategory.h"; sourceTree = "<group>"; };
		C7CBB7D51CA729EC00392BBB /* UIFont+DCFontSizeCategory.m */ = {isa = PBXFileReference; fileEncoding = 4; lastKnownFileType = sourcecode.c.objc; path = "UIFont+DCFontSizeCategory.m"; sourceTree = "<group>"; };
		C7CBB7D71CB3BFE000392BBB /* CGRect+DCExtension.h */ = {isa = PBXFileReference; fileEncoding = 4; lastKnownFileType = sourcecode.c.h; path = "CGRect+DCExtension.h"; sourceTree = "<group>"; };
		C7CBB7D81CB3C02D00392BBB /* CGRect+DCExtension.m */ = {isa = PBXFileReference; fileEncoding = 4; lastKnownFileType = sourcecode.c.objc; path = "CGRect+DCExtension.m"; sourceTree = "<group>"; };
/* End PBXFileReference section */

/* Begin PBXFrameworksBuildPhase section */
		02B265F5192A89B40091C2EA /* Frameworks */ = {
			isa = PBXFrameworksBuildPhase;
			buildActionMask = 2147483647;
			files = (
				02B26660192F545E0091C2EA /* libz.dylib in Frameworks */,
				02B265FE192A89B40091C2EA /* CoreGraphics.framework in Frameworks */,
				02B26600192A89B40091C2EA /* UIKit.framework in Frameworks */,
				02B265FC192A89B40091C2EA /* Foundation.framework in Frameworks */,
			);
			runOnlyForDeploymentPostprocessing = 0;
		};
		02B26619192A89B40091C2EA /* Frameworks */ = {
			isa = PBXFrameworksBuildPhase;
			buildActionMask = 2147483647;
			files = (
				02B2661E192A89B40091C2EA /* XCTest.framework in Frameworks */,
				02B26620192A89B40091C2EA /* UIKit.framework in Frameworks */,
				02B2661F192A89B40091C2EA /* Foundation.framework in Frameworks */,
			);
			runOnlyForDeploymentPostprocessing = 0;
		};
/* End PBXFrameworksBuildPhase section */

/* Begin PBXGroup section */
		02B265EF192A89B40091C2EA = {
			isa = PBXGroup;
			children = (
				02B26601192A89B40091C2EA /* Declarations */,
				02B26623192A89B40091C2EA /* DeclarationsTests */,
				02B26659192F51140091C2EA /* Build Configs */,
				02B265FA192A89B40091C2EA /* Frameworks */,
				02B265F9192A89B40091C2EA /* Products */,
			);
			sourceTree = "<group>";
		};
		02B265F9192A89B40091C2EA /* Products */ = {
			isa = PBXGroup;
			children = (
				02B265F8192A89B40091C2EA /* Declarations.app */,
				02B2661C192A89B40091C2EA /* DeclarationsTests.xctest */,
			);
			name = Products;
			sourceTree = "<group>";
		};
		02B265FA192A89B40091C2EA /* Frameworks */ = {
			isa = PBXGroup;
			children = (
				02B2665F192F545E0091C2EA /* libz.dylib */,
				02B2665D192F54430091C2EA /* Security.framework */,
				02B2664C192F4FF40091C2EA /* TestFlight */,
				02B265FB192A89B40091C2EA /* Foundation.framework */,
				02B265FD192A89B40091C2EA /* CoreGraphics.framework */,
				02B265FF192A89B40091C2EA /* UIKit.framework */,
				02B2661D192A89B40091C2EA /* XCTest.framework */,
			);
			name = Frameworks;
			sourceTree = "<group>";
		};
		02B26601192A89B40091C2EA /* Declarations */ = {
			isa = PBXGroup;
			children = (
				C7CBB76D1CA2E49700392BBB /* Categories */,
				C7CBB76E1CA2E49700392BBB /* Macroses */,
				B817AD871AD171E10066E325 /* TestFlight */,
				B817AD121AD16E450066E325 /* View Controllers */,
				B817AD491AD16E450066E325 /* Views */,
				B817AD291AD16E450066E325 /* Model */,
				B817AD461AD16E450066E325 /* Connection */,
				B817AD261AD16E450066E325 /* Value Transformers */,
				B817AD0B1AD16E450066E325 /* Supporting Files */,
				B817AD501AD16E450066E325 /* DCAppDelegate.m */,
				B817AD511AD16E450066E325 /* DCAppDelegate.h */,
				02B2660D192A89B40091C2EA /* Main.storyboard */,
				02B26616192A89B40091C2EA /* Images.xcassets */,
			);
			path = Declarations;
			sourceTree = "<group>";
		};
		02B26623192A89B40091C2EA /* DeclarationsTests */ = {
			isa = PBXGroup;
			children = (
				02B26629192A89B40091C2EA /* DeclarationsTests.m */,
				02B26624192A89B40091C2EA /* Supporting Files */,
			);
			path = DeclarationsTests;
			sourceTree = "<group>";
		};
		02B26624192A89B40091C2EA /* Supporting Files */ = {
			isa = PBXGroup;
			children = (
				02B26625192A89B40091C2EA /* DeclarationsTests-Info.plist */,
				02B26626192A89B40091C2EA /* InfoPlist.strings */,
			);
			name = "Supporting Files";
			sourceTree = "<group>";
		};
		02B2664C192F4FF40091C2EA /* TestFlight */ = {
			isa = PBXGroup;
			children = (
				02B2664D192F4FF40091C2EA /* libTestFlight.a */,
				02B2664E192F4FF40091C2EA /* README.md */,
				02B2664F192F4FF40091C2EA /* release_notes.md */,
				02B26650192F4FF40091C2EA /* TestFlight+AsyncLogging.h */,
				02B26651192F4FF40091C2EA /* TestFlight+ManualSessions.h */,
				02B26652192F4FF40091C2EA /* TestFlight.h */,
			);
			name = TestFlight;
			path = Declarations/TestFlight;
			sourceTree = "<group>";
		};
		02B26659192F51140091C2EA /* Build Configs */ = {
			isa = PBXGroup;
			children = (
				02B2665A192F51330091C2EA /* AdHoc.xcconfig */,
			);
			name = "Build Configs";
			sourceTree = "<group>";
		};
		B817AD0B1AD16E450066E325 /* Supporting Files */ = {
			isa = PBXGroup;
			children = (
				B817AD0F1AD16E450066E325 /* LGMRomanNumber.h */,
				B817AD101AD16E450066E325 /* LGMRomanNumber.m */,
				B817AD911AD172220066E325 /* Declarations-Prefix.pch */,
				B817AD921AD172220066E325 /* Declarations.entitlements */,
				B817AD931AD172220066E325 /* Declarations-Info.plist */,
				B817AD941AD172220066E325 /* main.m */,
				B817AD701AD16E5A0066E325 /* InfoPlist.strings */,
			);
			name = "Supporting Files";
			path = "Source/Supporting Files";
			sourceTree = "<group>";
		};
		B817AD121AD16E450066E325 /* View Controllers */ = {
			isa = PBXGroup;
			children = (
				C7CBB7631CA2CE2800392BBB /* Base */,
				B817AD131AD16E450066E325 /* About */,
				B817AD161AD16E450066E325 /* Candidates */,
				B817AD171AD16E450066E325 /* Declarations */,
				B817AD1E1AD16E450066E325 /* Deputies */,
				B817AD231AD16E450066E325 /* Officials */,
			);
			name = "View Controllers";
			path = "Source/View Controllers";
			sourceTree = "<group>";
		};
		B817AD131AD16E450066E325 /* About */ = {
			isa = PBXGroup;
			children = (
				B817AD141AD16E450066E325 /* DCAboutViewController.h */,
				B817AD151AD16E450066E325 /* DCAboutViewController.m */,
			);
			path = About;
			sourceTree = "<group>";
		};
		B817AD161AD16E450066E325 /* Candidates */ = {
			isa = PBXGroup;
			children = (
				B817AD981AD177600066E325 /* DCCandidateViewController.h */,
				B817AD9B1AD177600066E325 /* DCCandidateViewController.m */,
				C7CBB77D1CA2F03600392BBB /* DCCandidatesView.h */,
				C7CBB77E1CA2F03600392BBB /* DCCandidatesView.m */,
			);
			path = Candidates;
			sourceTree = "<group>";
		};
		B817AD171AD16E450066E325 /* Declarations */ = {
			isa = PBXGroup;
			children = (
				B817AD181AD16E450066E325 /* DCCategoryViewController.h */,
				B817AD191AD16E450066E325 /* DCCategoryViewController.m */,
				B817AD1A1AD16E450066E325 /* DCDeclarationsViewController.h */,
				B817AD1B1AD16E450066E325 /* DCDeclarationsViewController.m */,
				B817AD1C1AD16E450066E325 /* DCDeclarationViewController.h */,
				B817AD1D1AD16E450066E325 /* DCDeclarationViewController.m */,
			);
			path = Declarations;
			sourceTree = "<group>";
		};
		B817AD1E1AD16E450066E325 /* Deputies */ = {
			isa = PBXGroup;
			children = (
				B817AD211AD16E450066E325 /* DCDeputyViewController.h */,
				B817AD221AD16E450066E325 /* DCDeputyViewController.m */,
				C7CBB76A1CA2E16C00392BBB /* DCDeputyView.h */,
				C7CBB76B1CA2E16C00392BBB /* DCDeputyView.m */,
			);
			path = Deputies;
			sourceTree = "<group>";
		};
		B817AD231AD16E450066E325 /* Officials */ = {
			isa = PBXGroup;
			children = (
				B817AD241AD16E450066E325 /* DCOfficialsViewController.h */,
				B817AD251AD16E450066E325 /* DCOfficialsViewController.m */,
				C7CBB7801CA2F23D00392BBB /* DCOfficialsView.h */,
				C7CBB7811CA2F23D00392BBB /* DCOfficialsView.m */,
			);
			path = Officials;
			sourceTree = "<group>";
		};
		B817AD261AD16E450066E325 /* Value Transformers */ = {
			isa = PBXGroup;
			children = (
				B817AD271AD16E450066E325 /* DCValueTransformer.h */,
				B817AD281AD16E450066E325 /* DCValueTransformer.m */,
			);
			name = "Value Transformers";
			path = "Source/Value Transformers";
			sourceTree = "<group>";
		};
		B817AD291AD16E450066E325 /* Model */ = {
			isa = PBXGroup;
			children = (
				B817AD2A1AD16E450066E325 /* DCParliament.h */,
				B817AD2B1AD16E450066E325 /* DCParliament.m */,
				B817AD2C1AD16E450066E325 /* DCParliamentFactory.h */,
				B817AD2D1AD16E450066E325 /* DCParliamentFactory.m */,
				B817AD2E1AD16E450066E325 /* DCPerson.h */,
				B817AD2F1AD16E450066E325 /* DCPerson.m */,
				B817AD301AD16E450066E325 /* Declarations */,
				C7CBB7831CA322E200392BBB /* DCKindOfCandidate.h */,
				C7CBB7841CA322E200392BBB /* DCKindOfCandidate.m */,
				C7CBB7861CA3242C00392BBB /* DCArrayModel.h */,
				C7CBB7871CA3242C00392BBB /* DCArrayModel.m */,
			);
			name = Model;
			path = Source/Model;
			sourceTree = "<group>";
		};
		B817AD301AD16E450066E325 /* Declarations */ = {
			isa = PBXGroup;
			children = (
				B817AD311AD16E450066E325 /* Categories */,
				B817AD421AD16E450066E325 /* DCDeclaration.h */,
				B817AD431AD16E450066E325 /* DCDeclaration.m */,
				B817AD441AD16E450066E325 /* DCValue.h */,
				B817AD451AD16E450066E325 /* DCValue.m */,
			);
			path = Declarations;
			sourceTree = "<group>";
		};
		B817AD311AD16E450066E325 /* Categories */ = {
			isa = PBXGroup;
			children = (
				B817AD321AD16E450066E325 /* DCCategory.h */,
				B817AD331AD16E450066E325 /* DCCategory.m */,
				B817AD341AD16E450066E325 /* DCDepositsInfo.h */,
				B817AD351AD16E450066E325 /* DCDepositsInfo.m */,
				B817AD361AD16E450066E325 /* DCFinancialLiabilities.h */,
				B817AD371AD16E450066E325 /* DCFinancialLiabilities.m */,
				B817AD381AD16E450066E325 /* DCGeneralInfo.h */,
				B817AD391AD16E450066E325 /* DCGeneralInfo.m */,
				B817AD3A1AD16E450066E325 /* DCProfitInfo.h */,
				B817AD3B1AD16E450066E325 /* DCProfitInfo.m */,
				B817AD3C1AD16E450066E325 /* DCRealtyInfo.h */,
				B817AD3D1AD16E450066E325 /* DCRealtyInfo.m */,
				B817AD3E1AD16E450066E325 /* DCVehicle.h */,
				B817AD3F1AD16E450066E325 /* DCVehicle.m */,
				B817AD401AD16E450066E325 /* DCVehiclesInfo.h */,
				B817AD411AD16E450066E325 /* DCVehiclesInfo.m */,
			);
			path = Categories;
			sourceTree = "<group>";
		};
		B817AD461AD16E450066E325 /* Connection */ = {
			isa = PBXGroup;
			children = (
				B817AD471AD16E450066E325 /* DCDataLoader.h */,
				B817AD481AD16E450066E325 /* DCDataLoader.m */,
			);
			name = Connection;
			path = Source/Connection;
			sourceTree = "<group>";
		};
		B817AD491AD16E450066E325 /* Views */ = {
			isa = PBXGroup;
			children = (
				C7CBB7C71CA7215500392BBB /* Buttons */,
				C7CBB7C11CA7047B00392BBB /* Layouts */,
				C7CBB7AC1CA7030000392BBB /* Cells */,
				C7CBB7A81CA7023300392BBB /* DCNavigationBar */,
				C7CBB7A41CA701E600392BBB /* DCPersonListHeaderView */,
				C7CBB79A1CA6DDBC00392BBB /* VMLoadingView */,
			);
			name = Views;
			path = Source/Views;
			sourceTree = "<group>";
		};
		B817AD871AD171E10066E325 /* TestFlight */ = {
			isa = PBXGroup;
			children = (
				B817AD881AD171E10066E325 /* libTestFlight.a */,
				B817AD891AD171E10066E325 /* README.md */,
				B817AD8A1AD171E10066E325 /* release_notes.md */,
				B817AD8B1AD171E10066E325 /* TestFlight+AsyncLogging.h */,
				B817AD8C1AD171E10066E325 /* TestFlight+ManualSessions.h */,
				B817AD8D1AD171E10066E325 /* TestFlight.h */,
			);
			path = TestFlight;
			sourceTree = "<group>";
		};
		C7CBB7631CA2CE2800392BBB /* Base */ = {
			isa = PBXGroup;
			children = (
				C7CBB7641CA2CE5200392BBB /* DCPersonsListViewController.h */,
				C7CBB7651CA2CE5200392BBB /* DCPersonsListViewController.m */,
				C7CBB7671CA2DC5500392BBB /* DCPersonsListView.h */,
				C7CBB7681CA2DC5500392BBB /* DCPersonsListView.m */,
			);
			path = Base;
			sourceTree = "<group>";
		};
		C7CBB76D1CA2E49700392BBB /* Categories */ = {
			isa = PBXGroup;
			children = (
				C7CBB7A01CA6DDD500392BBB /* UIView */,
				C7CBB7921CA573A000392BBB /* AFSwipeToHide */,
				C7CBB7741CA2E8DB00392BBB /* UITableView+DCTableViewCategory.h */,
				C7CBB7751CA2E8DB00392BBB /* UITableView+DCTableViewCategory.m */,
				C7CBB7771CA2E95000392BBB /* NSBundle+DCBundleCategory.h */,
				C7CBB7781CA2E95000392BBB /* NSBundle+DCBundleCategory.m */,
				C7CBB77A1CA2E99400392BBB /* NSArray+DCArrayCategory.h */,
				C7CBB77B1CA2E99400392BBB /* NSArray+DCArrayCategory.m */,
				C7CBB7971CA686C000392BBB /* UIColor+DCColorCategory.h */,
				C7CBB7981CA686C000392BBB /* UIColor+DCColorCategory.m */,
				C7CBB7D11CA729AA00392BBB /* UILabel+DCSetFontCategory.h */,
				C7CBB7D21CA729AA00392BBB /* UILabel+DCSetFontCategory.m */,
				C7CBB7D41CA729EC00392BBB /* UIFont+DCFontSizeCategory.h */,
				C7CBB7D51CA729EC00392BBB /* UIFont+DCFontSizeCategory.m */,
				C7CBB7D71CB3BFE000392BBB /* CGRect+DCExtension.h */,
				C7CBB7D81CB3C02D00392BBB /* CGRect+DCExtension.m */,
			);
			name = Categories;
			path = Source/Categories;
			sourceTree = "<group>";
		};
		C7CBB76E1CA2E49700392BBB /* Macroses */ = {
			isa = PBXGroup;
			children = (
				C7CBB76F1CA2E4C700392BBB /* DCPropertyMacros.h */,
				C7CBB7961CA6863700392BBB /* DCColorMacros.h */,
			);
			name = Macroses;
			path = Source/Macroses;
			sourceTree = "<group>";
		};
		C7CBB7921CA573A000392BBB /* AFSwipeToHide */ = {
			isa = PBXGroup;
			children = (
				C7CBB7931CA573A000392BBB /* AFSwipeToHide.h */,
				C7CBB7941CA573A000392BBB /* AFSwipeToHide.m */,
			);
			path = AFSwipeToHide;
			sourceTree = "<group>";
		};
		C7CBB79A1CA6DDBC00392BBB /* VMLoadingView */ = {
			isa = PBXGroup;
			children = (
				C7CBB79B1CA6DDBC00392BBB /* VMLoadingView.h */,
				C7CBB79C1CA6DDBC00392BBB /* VMLoadingView.m */,
				C7CBB79D1CA6DDBC00392BBB /* VMLoadingView.xib */,
			);
			path = VMLoadingView;
			sourceTree = "<group>";
		};
		C7CBB7A01CA6DDD500392BBB /* UIView */ = {
			isa = PBXGroup;
			children = (
				C7CBB7A11CA6DDD500392BBB /* UIView+MILoadingViewCategory.h */,
				C7CBB7A21CA6DDD500392BBB /* UIView+MILoadingViewCategory.m */,
			);
			path = UIView;
			sourceTree = "<group>";
		};
		C7CBB7A41CA701E600392BBB /* DCPersonListHeaderView */ = {
			isa = PBXGroup;
			children = (
				C7CBB7A51CA701FF00392BBB /* DCPersonListHeaderView.h */,
				C7CBB7A61CA701FF00392BBB /* DCPersonListHeaderView.m */,
				C7CBB7C51CA7052E00392BBB /* DCPersonListHeaderView.xib */,
			);
			path = DCPersonListHeaderView;
			sourceTree = "<group>";
		};
		C7CBB7A81CA7023300392BBB /* DCNavigationBar */ = {
			isa = PBXGroup;
			children = (
				C7CBB7A91CA7023300392BBB /* DCNavigationBar.h */,
				C7CBB7AA1CA7023300392BBB /* DCNavigationBar.m */,
			);
			path = DCNavigationBar;
			sourceTree = "<group>";
		};
		C7CBB7AC1CA7030000392BBB /* Cells */ = {
			isa = PBXGroup;
			children = (
				C7CBB7AD1CA7030000392BBB /* DCCategoryCell */,
				C7CBB7B01CA7030000392BBB /* DCPersonTableViewCell */,
				C7CBB7B31CA7030000392BBB /* DCScopeCollectionViewCell */,
				C7CBB7B61CA7030000392BBB /* DCValueCell */,
				C7CBB7B91CA7030000392BBB /* DCVehicleTableViewCell */,
			);
			path = Cells;
			sourceTree = "<group>";
		};
		C7CBB7AD1CA7030000392BBB /* DCCategoryCell */ = {
			isa = PBXGroup;
			children = (
				C7CBB7AE1CA7030000392BBB /* DCCategoryCell.h */,
				C7CBB7AF1CA7030000392BBB /* DCCategoryCell.m */,
			);
			path = DCCategoryCell;
			sourceTree = "<group>";
		};
		C7CBB7B01CA7030000392BBB /* DCPersonTableViewCell */ = {
			isa = PBXGroup;
			children = (
				C7CBB7B11CA7030000392BBB /* DCPersonTableViewCell.h */,
				C7CBB7B21CA7030000392BBB /* DCPersonTableViewCell.m */,
			);
			path = DCPersonTableViewCell;
			sourceTree = "<group>";
		};
		C7CBB7B31CA7030000392BBB /* DCScopeCollectionViewCell */ = {
			isa = PBXGroup;
			children = (
				C7CBB7B41CA7030000392BBB /* DCScopeCollectionViewCell.h */,
				C7CBB7B51CA7030000392BBB /* DCScopeCollectionViewCell.m */,
			);
			path = DCScopeCollectionViewCell;
			sourceTree = "<group>";
		};
		C7CBB7B61CA7030000392BBB /* DCValueCell */ = {
			isa = PBXGroup;
			children = (
				C7CBB7B71CA7030000392BBB /* DCValueCellView.h */,
				C7CBB7B81CA7030000392BBB /* DCValueCellView.m */,
			);
			path = DCValueCell;
			sourceTree = "<group>";
		};
		C7CBB7B91CA7030000392BBB /* DCVehicleTableViewCell */ = {
			isa = PBXGroup;
			children = (
				C7CBB7BA1CA7030000392BBB /* DCVehicleTableViewCell.h */,
				C7CBB7BB1CA7030000392BBB /* DCVehicleTableViewCell.m */,
			);
			path = DCVehicleTableViewCell;
			sourceTree = "<group>";
		};
		C7CBB7C11CA7047B00392BBB /* Layouts */ = {
			isa = PBXGroup;
			children = (
				C7CBB7C21CA7047B00392BBB /* MIStoreHeaderFlowLayout.h */,
				C7CBB7C31CA7047B00392BBB /* MIStoreHeaderFlowLayout.m */,
			);
			path = Layouts;
			sourceTree = "<group>";
		};
		C7CBB7C71CA7215500392BBB /* Buttons */ = {
			isa = PBXGroup;
			children = (
				C7CBB7C81CA7215500392BBB /* MailToButton */,
			);
			path = Buttons;
			sourceTree = "<group>";
		};
		C7CBB7C81CA7215500392BBB /* MailToButton */ = {
			isa = PBXGroup;
			children = (
				C7CBB7C91CA7217A00392BBB /* DCMailToButton.h */,
				C7CBB7CA1CA7217A00392BBB /* DCMailToButton.m */,
				C7CBB7CC1CA7219400392BBB /* DCMailToView.h */,
				C7CBB7CD1CA7219400392BBB /* DCMailToView.m */,
				C7CBB7CF1CA721A800392BBB /* DCMailToView.xib */,
			);
			path = MailToButton;
			sourceTree = "<group>";
		};
/* End PBXGroup section */

/* Begin PBXNativeTarget section */
		02B265F7192A89B40091C2EA /* Declarations */ = {
			isa = PBXNativeTarget;
			buildConfigurationList = 02B2662D192A89B40091C2EA /* Build configuration list for PBXNativeTarget "Declarations" */;
			buildPhases = (
				02B265F4192A89B40091C2EA /* Sources */,
				02B265F5192A89B40091C2EA /* Frameworks */,
				02B265F6192A89B40091C2EA /* Resources */,
			);
			buildRules = (
			);
			dependencies = (
			);
			name = Declarations;
			productName = Declarations;
			productReference = 02B265F8192A89B40091C2EA /* Declarations.app */;
			productType = "com.apple.product-type.application";
		};
		02B2661B192A89B40091C2EA /* DeclarationsTests */ = {
			isa = PBXNativeTarget;
			buildConfigurationList = 02B26630192A89B40091C2EA /* Build configuration list for PBXNativeTarget "DeclarationsTests" */;
			buildPhases = (
				02B26618192A89B40091C2EA /* Sources */,
				02B26619192A89B40091C2EA /* Frameworks */,
				02B2661A192A89B40091C2EA /* Resources */,
			);
			buildRules = (
			);
			dependencies = (
				02B26622192A89B40091C2EA /* PBXTargetDependency */,
			);
			name = DeclarationsTests;
			productName = DeclarationsTests;
			productReference = 02B2661C192A89B40091C2EA /* DeclarationsTests.xctest */;
			productType = "com.apple.product-type.bundle.unit-test";
		};
/* End PBXNativeTarget section */

/* Begin PBXProject section */
		02B265F0192A89B40091C2EA /* Project object */ = {
			isa = PBXProject;
			attributes = {
				CLASSPREFIX = DC;
				LastUpgradeCheck = 0720;
				ORGANIZATIONNAME = Chesno;
				TargetAttributes = {
					02B265F7192A89B40091C2EA = {
						DevelopmentTeam = Z49X2AVBQ3;
						SystemCapabilities = {
							com.apple.BackgroundModes = {
								enabled = 0;
							};
							com.apple.iCloud = {
								enabled = 0;
							};
						};
					};
					02B2661B192A89B40091C2EA = {
						TestTargetID = 02B265F7192A89B40091C2EA;
					};
				};
			};
			buildConfigurationList = 02B265F3192A89B40091C2EA /* Build configuration list for PBXProject "Declarations" */;
			compatibilityVersion = "Xcode 3.2";
			developmentRegion = English;
			hasScannedForEncodings = 0;
			knownRegions = (
				en,
				Base,
			);
			mainGroup = 02B265EF192A89B40091C2EA;
			productRefGroup = 02B265F9192A89B40091C2EA /* Products */;
			projectDirPath = "";
			projectRoot = "";
			targets = (
				02B265F7192A89B40091C2EA /* Declarations */,
				02B2661B192A89B40091C2EA /* DeclarationsTests */,
			);
		};
/* End PBXProject section */

/* Begin PBXResourcesBuildPhase section */
		02B265F6192A89B40091C2EA /* Resources */ = {
			isa = PBXResourcesBuildPhase;
			buildActionMask = 2147483647;
			files = (
				B817AD951AD172220066E325 /* Declarations.entitlements in Resources */,
				C7CBB7D01CA721A800392BBB /* DCMailToView.xib in Resources */,
				C7CBB7C61CA7052E00392BBB /* DCPersonListHeaderView.xib in Resources */,
				B817AD721AD16E5A0066E325 /* InfoPlist.strings in Resources */,
				02B26617192A89B40091C2EA /* Images.xcassets in Resources */,
				02B26654192F4FF40091C2EA /* README.md in Resources */,
				02B2660F192A89B40091C2EA /* Main.storyboard in Resources */,
				C7CBB79F1CA6DDBC00392BBB /* VMLoadingView.xib in Resources */,
				02B26655192F4FF40091C2EA /* release_notes.md in Resources */,
			);
			runOnlyForDeploymentPostprocessing = 0;
		};
		02B2661A192A89B40091C2EA /* Resources */ = {
			isa = PBXResourcesBuildPhase;
			buildActionMask = 2147483647;
			files = (
				02B26628192A89B40091C2EA /* InfoPlist.strings in Resources */,
			);
			runOnlyForDeploymentPostprocessing = 0;
		};
/* End PBXResourcesBuildPhase section */

/* Begin PBXSourcesBuildPhase section */
		02B265F4192A89B40091C2EA /* Sources */ = {
			isa = PBXSourcesBuildPhase;
			buildActionMask = 2147483647;
			files = (
				C7CBB7761CA2E8DB00392BBB /* UITableView+DCTableViewCategory.m in Sources */,
				B817AD671AD16E450066E325 /* DCVehicle.m in Sources */,
				C7CBB7D91CB3C02D00392BBB /* CGRect+DCExtension.m in Sources */,
				C7CBB7851CA322E200392BBB /* DCKindOfCandidate.m in Sources */,
				B817AD591AD16E450066E325 /* DCDeclarationViewController.m in Sources */,
				C7CBB7A71CA701FF00392BBB /* DCPersonListHeaderView.m in Sources */,
				B817AD691AD16E450066E325 /* DCDeclaration.m in Sources */,
				B817AD5D1AD16E450066E325 /* DCValueTransformer.m in Sources */,
				B817AD601AD16E450066E325 /* DCPerson.m in Sources */,
				C7CBB7A31CA6DDD500392BBB /* UIView+MILoadingViewCategory.m in Sources */,
				C7CBB77C1CA2E99400392BBB /* NSArray+DCArrayCategory.m in Sources */,
				B817AD561AD16E450066E325 /* DCAboutViewController.m in Sources */,
				B817AD6F1AD16E450066E325 /* DCAppDelegate.m in Sources */,
				C7CBB7791CA2E95000392BBB /* NSBundle+DCBundleCategory.m in Sources */,
				C7CBB7D31CA729AA00392BBB /* UILabel+DCSetFontCategory.m in Sources */,
				C7CBB7CE1CA7219400392BBB /* DCMailToView.m in Sources */,
				B817AD971AD172220066E325 /* main.m in Sources */,
				C7CBB7AB1CA7023300392BBB /* DCNavigationBar.m in Sources */,
				B817AD5F1AD16E450066E325 /* DCParliamentFactory.m in Sources */,
				B817AD571AD16E450066E325 /* DCCategoryViewController.m in Sources */,
				B817AD6B1AD16E450066E325 /* DCDataLoader.m in Sources */,
				B817AD5B1AD16E450066E325 /* DCDeputyViewController.m in Sources */,
				B817AD651AD16E450066E325 /* DCProfitInfo.m in Sources */,
				B817AD581AD16E450066E325 /* DCDeclarationsViewController.m in Sources */,
				C7CBB7C01CA7030000392BBB /* DCVehicleTableViewCell.m in Sources */,
				C7CBB7C41CA7047B00392BBB /* MIStoreHeaderFlowLayout.m in Sources */,
				C7CBB7BC1CA7030000392BBB /* DCCategoryCell.m in Sources */,
				C7CBB7BD1CA7030000392BBB /* DCPersonTableViewCell.m in Sources */,
				B817AD631AD16E450066E325 /* DCFinancialLiabilities.m in Sources */,
				B817AD5E1AD16E450066E325 /* DCParliament.m in Sources */,
				C7CBB7951CA573A000392BBB /* AFSwipeToHide.m in Sources */,
				C7CBB7D61CA729EC00392BBB /* UIFont+DCFontSizeCategory.m in Sources */,
				B817AD661AD16E450066E325 /* DCRealtyInfo.m in Sources */,
				C7CBB7691CA2DC5500392BBB /* DCPersonsListView.m in Sources */,
				C7CBB7BF1CA7030000392BBB /* DCValueCellView.m in Sources */,
				B817AD541AD16E450066E325 /* LGMRomanNumber.m in Sources */,
				C7CBB7BE1CA7030000392BBB /* DCScopeCollectionViewCell.m in Sources */,
				B817AD681AD16E450066E325 /* DCVehiclesInfo.m in Sources */,
				C7CBB79E1CA6DDBC00392BBB /* VMLoadingView.m in Sources */,
				B817AD9D1AD177600066E325 /* DCCandidateViewController.m in Sources */,
				C7CBB7CB1CA7217A00392BBB /* DCMailToButton.m in Sources */,
				C7CBB7661CA2CE5200392BBB /* DCPersonsListViewController.m in Sources */,
				C7CBB76C1CA2E16C00392BBB /* DCDeputyView.m in Sources */,
				B817AD6A1AD16E450066E325 /* DCValue.m in Sources */,
				C7CBB7991CA686C000392BBB /* UIColor+DCColorCategory.m in Sources */,
				B817AD641AD16E450066E325 /* DCGeneralInfo.m in Sources */,
				C7CBB77F1CA2F03600392BBB /* DCCandidatesView.m in Sources */,
				B817AD611AD16E450066E325 /* DCCategory.m in Sources */,
				C7CBB7881CA3242C00392BBB /* DCArrayModel.m in Sources */,
				B817AD621AD16E450066E325 /* DCDepositsInfo.m in Sources */,
				C7CBB7821CA2F23D00392BBB /* DCOfficialsView.m in Sources */,
				B817AD5C1AD16E450066E325 /* DCOfficialsViewController.m in Sources */,
			);
			runOnlyForDeploymentPostprocessing = 0;
		};
		02B26618192A89B40091C2EA /* Sources */ = {
			isa = PBXSourcesBuildPhase;
			buildActionMask = 2147483647;
			files = (
				02B2662A192A89B40091C2EA /* DeclarationsTests.m in Sources */,
			);
			runOnlyForDeploymentPostprocessing = 0;
		};
/* End PBXSourcesBuildPhase section */

/* Begin PBXTargetDependency section */
		02B26622192A89B40091C2EA /* PBXTargetDependency */ = {
			isa = PBXTargetDependency;
			target = 02B265F7192A89B40091C2EA /* Declarations */;
			targetProxy = 02B26621192A89B40091C2EA /* PBXContainerItemProxy */;
		};
/* End PBXTargetDependency section */

/* Begin PBXVariantGroup section */
		02B2660D192A89B40091C2EA /* Main.storyboard */ = {
			isa = PBXVariantGroup;
			children = (
				02B2660E192A89B40091C2EA /* Base */,
			);
			name = Main.storyboard;
			sourceTree = "<group>";
		};
		02B26626192A89B40091C2EA /* InfoPlist.strings */ = {
			isa = PBXVariantGroup;
			children = (
				02B26627192A89B40091C2EA /* en */,
			);
			name = InfoPlist.strings;
			sourceTree = "<group>";
		};
		B817AD701AD16E5A0066E325 /* InfoPlist.strings */ = {
			isa = PBXVariantGroup;
			children = (
				B817AD711AD16E5A0066E325 /* en */,
			);
			name = InfoPlist.strings;
			sourceTree = "<group>";
		};
/* End PBXVariantGroup section */

/* Begin XCBuildConfiguration section */
		02B2662B192A89B40091C2EA /* Debug */ = {
			isa = XCBuildConfiguration;
			buildSettings = {
				ALWAYS_SEARCH_USER_PATHS = NO;
				CLANG_CXX_LANGUAGE_STANDARD = "gnu++0x";
				CLANG_CXX_LIBRARY = "libc++";
				CLANG_ENABLE_MODULES = YES;
				CLANG_ENABLE_OBJC_ARC = YES;
				CLANG_WARN_BOOL_CONVERSION = YES;
				CLANG_WARN_CONSTANT_CONVERSION = YES;
				CLANG_WARN_DIRECT_OBJC_ISA_USAGE = YES_ERROR;
				CLANG_WARN_EMPTY_BODY = YES;
				CLANG_WARN_ENUM_CONVERSION = YES;
				CLANG_WARN_INT_CONVERSION = YES;
				CLANG_WARN_OBJC_ROOT_CLASS = YES_ERROR;
				CLANG_WARN__DUPLICATE_METHOD_MATCH = YES;
				CODE_SIGN_IDENTITY = "iPhone Developer";
				COPY_PHASE_STRIP = NO;
				ENABLE_TESTABILITY = YES;
				GCC_C_LANGUAGE_STANDARD = gnu99;
				GCC_DYNAMIC_NO_PIC = NO;
				GCC_OPTIMIZATION_LEVEL = 0;
				GCC_PREPROCESSOR_DEFINITIONS = (
					"DEBUG=1",
					"$(inherited)",
				);
				GCC_SYMBOLS_PRIVATE_EXTERN = NO;
				GCC_WARN_64_TO_32_BIT_CONVERSION = YES;
				GCC_WARN_ABOUT_RETURN_TYPE = YES_ERROR;
				GCC_WARN_UNDECLARED_SELECTOR = YES;
				GCC_WARN_UNINITIALIZED_AUTOS = YES_AGGRESSIVE;
				GCC_WARN_UNUSED_FUNCTION = YES;
				GCC_WARN_UNUSED_VARIABLE = YES;
				IPHONEOS_DEPLOYMENT_TARGET = 7.1;
				ONLY_ACTIVE_ARCH = YES;
				SDKROOT = iphoneos;
			};
			name = Debug;
		};
		02B2662C192A89B40091C2EA /* Release */ = {
			isa = XCBuildConfiguration;
			buildSettings = {
				ALWAYS_SEARCH_USER_PATHS = NO;
				CLANG_CXX_LANGUAGE_STANDARD = "gnu++0x";
				CLANG_CXX_LIBRARY = "libc++";
				CLANG_ENABLE_MODULES = YES;
				CLANG_ENABLE_OBJC_ARC = YES;
				CLANG_WARN_BOOL_CONVERSION = YES;
				CLANG_WARN_CONSTANT_CONVERSION = YES;
				CLANG_WARN_DIRECT_OBJC_ISA_USAGE = YES_ERROR;
				CLANG_WARN_EMPTY_BODY = YES;
				CLANG_WARN_ENUM_CONVERSION = YES;
				CLANG_WARN_INT_CONVERSION = YES;
				CLANG_WARN_OBJC_ROOT_CLASS = YES_ERROR;
				CLANG_WARN__DUPLICATE_METHOD_MATCH = YES;
				CODE_SIGN_IDENTITY = "iPhone Distribution";
				COPY_PHASE_STRIP = YES;
				ENABLE_NS_ASSERTIONS = NO;
				GCC_C_LANGUAGE_STANDARD = gnu99;
				GCC_WARN_64_TO_32_BIT_CONVERSION = YES;
				GCC_WARN_ABOUT_RETURN_TYPE = YES_ERROR;
				GCC_WARN_UNDECLARED_SELECTOR = YES;
				GCC_WARN_UNINITIALIZED_AUTOS = YES_AGGRESSIVE;
				GCC_WARN_UNUSED_FUNCTION = YES;
				GCC_WARN_UNUSED_VARIABLE = YES;
				IPHONEOS_DEPLOYMENT_TARGET = 7.1;
				SDKROOT = iphoneos;
				VALIDATE_PRODUCT = YES;
			};
			name = Release;
		};
		02B2662E192A89B40091C2EA /* Debug */ = {
			isa = XCBuildConfiguration;
			buildSettings = {
				ASSETCATALOG_COMPILER_APPICON_NAME = AppIcon;
				ASSETCATALOG_COMPILER_LAUNCHIMAGE_NAME = LaunchImage;
				CODE_SIGN_ENTITLEMENTS = "";
				CODE_SIGN_IDENTITY = "iPhone Developer";
				"CODE_SIGN_IDENTITY[sdk=iphoneos*]" = "iPhone Developer";
				GCC_PRECOMPILE_PREFIX_HEADER = YES;
				GCC_PREFIX_HEADER = "Declarations/Declarations-Prefix.pch";
				INFOPLIST_FILE = "Declarations/Declarations-Info.plist";
				IPHONEOS_DEPLOYMENT_TARGET = 9.0;
				LIBRARY_SEARCH_PATHS = "$(inherited)";
				PRODUCT_BUNDLE_IDENTIFIER = org.chesno.declarationsIOS;
				PRODUCT_NAME = "$(TARGET_NAME)";
				PROVISIONING_PROFILE = "";
				TARGETED_DEVICE_FAMILY = "1,2";
				WRAPPER_EXTENSION = app;
			};
			name = Debug;
		};
		02B2662F192A89B40091C2EA /* Release */ = {
			isa = XCBuildConfiguration;
			buildSettings = {
				ASSETCATALOG_COMPILER_APPICON_NAME = AppIcon;
				ASSETCATALOG_COMPILER_LAUNCHIMAGE_NAME = LaunchImage;
				CODE_SIGN_ENTITLEMENTS = "";
				CODE_SIGN_IDENTITY = "iPhone Developer";
				"CODE_SIGN_IDENTITY[sdk=iphoneos*]" = "iPhone Developer";
				GCC_PRECOMPILE_PREFIX_HEADER = YES;
				GCC_PREFIX_HEADER = "Declarations/Declarations-Prefix.pch";
				INFOPLIST_FILE = "Declarations/Declarations-Info.plist";
				IPHONEOS_DEPLOYMENT_TARGET = 9.0;
				LIBRARY_SEARCH_PATHS = "$(inherited)";
				PRODUCT_BUNDLE_IDENTIFIER = org.chesno.declarationsIOS;
				PRODUCT_NAME = "$(TARGET_NAME)";
				PROVISIONING_PROFILE = "";
				TARGETED_DEVICE_FAMILY = "1,2";
				WRAPPER_EXTENSION = app;
			};
			name = Release;
		};
		02B26631192A89B40091C2EA /* Debug */ = {
			isa = XCBuildConfiguration;
			buildSettings = {
				BUNDLE_LOADER = "$(BUILT_PRODUCTS_DIR)/Declarations.app/Declarations";
				FRAMEWORK_SEARCH_PATHS = (
					"$(SDKROOT)/Developer/Library/Frameworks",
					"$(inherited)",
					"$(DEVELOPER_FRAMEWORKS_DIR)",
				);
				GCC_PRECOMPILE_PREFIX_HEADER = YES;
				GCC_PREFIX_HEADER = "Declarations/Declarations-Prefix.pch";
				GCC_PREPROCESSOR_DEFINITIONS = (
					"DEBUG=1",
					"$(inherited)",
				);
				INFOPLIST_FILE = "DeclarationsTests/DeclarationsTests-Info.plist";
				PRODUCT_BUNDLE_IDENTIFIER = "org.chesno.${PRODUCT_NAME:rfc1034identifier}";
				PRODUCT_NAME = "$(TARGET_NAME)";
				TEST_HOST = "$(BUNDLE_LOADER)";
				WRAPPER_EXTENSION = xctest;
			};
			name = Debug;
		};
		02B26632192A89B40091C2EA /* Release */ = {
			isa = XCBuildConfiguration;
			buildSettings = {
				BUNDLE_LOADER = "$(BUILT_PRODUCTS_DIR)/Declarations.app/Declarations";
				FRAMEWORK_SEARCH_PATHS = (
					"$(SDKROOT)/Developer/Library/Frameworks",
					"$(inherited)",
					"$(DEVELOPER_FRAMEWORKS_DIR)",
				);
				GCC_PRECOMPILE_PREFIX_HEADER = YES;
				GCC_PREFIX_HEADER = "Declarations/Declarations-Prefix.pch";
				INFOPLIST_FILE = "DeclarationsTests/DeclarationsTests-Info.plist";
				PRODUCT_BUNDLE_IDENTIFIER = "org.chesno.${PRODUCT_NAME:rfc1034identifier}";
				PRODUCT_NAME = "$(TARGET_NAME)";
				TEST_HOST = "$(BUNDLE_LOADER)";
				WRAPPER_EXTENSION = xctest;
			};
			name = Release;
		};
		02B26656192F51030091C2EA /* AdHoc */ = {
			isa = XCBuildConfiguration;
			baseConfigurationReference = 02B2665A192F51330091C2EA /* AdHoc.xcconfig */;
			buildSettings = {
				ALWAYS_SEARCH_USER_PATHS = NO;
				CLANG_CXX_LANGUAGE_STANDARD = "gnu++0x";
				CLANG_CXX_LIBRARY = "libc++";
				CLANG_ENABLE_MODULES = YES;
				CLANG_ENABLE_OBJC_ARC = YES;
				CLANG_WARN_BOOL_CONVERSION = YES;
				CLANG_WARN_CONSTANT_CONVERSION = YES;
				CLANG_WARN_DIRECT_OBJC_ISA_USAGE = YES_ERROR;
				CLANG_WARN_EMPTY_BODY = YES;
				CLANG_WARN_ENUM_CONVERSION = YES;
				CLANG_WARN_INT_CONVERSION = YES;
				CLANG_WARN_OBJC_ROOT_CLASS = YES_ERROR;
				CLANG_WARN__DUPLICATE_METHOD_MATCH = YES;
				CODE_SIGN_IDENTITY = "iPhone Distribution";
				COPY_PHASE_STRIP = YES;
				ENABLE_NS_ASSERTIONS = NO;
				GCC_C_LANGUAGE_STANDARD = gnu99;
				GCC_WARN_64_TO_32_BIT_CONVERSION = YES;
				GCC_WARN_ABOUT_RETURN_TYPE = YES_ERROR;
				GCC_WARN_UNDECLARED_SELECTOR = YES;
				GCC_WARN_UNINITIALIZED_AUTOS = YES_AGGRESSIVE;
				GCC_WARN_UNUSED_FUNCTION = YES;
				GCC_WARN_UNUSED_VARIABLE = YES;
				IPHONEOS_DEPLOYMENT_TARGET = 7.1;
				SDKROOT = iphoneos;
				VALIDATE_PRODUCT = YES;
			};
			name = AdHoc;
		};
		02B26657192F51030091C2EA /* AdHoc */ = {
			isa = XCBuildConfiguration;
			buildSettings = {
				ASSETCATALOG_COMPILER_APPICON_NAME = AppIcon;
				ASSETCATALOG_COMPILER_LAUNCHIMAGE_NAME = LaunchImage;
				CODE_SIGN_ENTITLEMENTS = "";
				CODE_SIGN_IDENTITY = "iPhone Developer";
				"CODE_SIGN_IDENTITY[sdk=iphoneos*]" = "iPhone Developer";
				GCC_PRECOMPILE_PREFIX_HEADER = YES;
				GCC_PREFIX_HEADER = "Declarations/Declarations-Prefix.pch";
				INFOPLIST_FILE = "Declarations/Declarations-Info.plist";
				IPHONEOS_DEPLOYMENT_TARGET = 9.0;
				LIBRARY_SEARCH_PATHS = "$(inherited)";
				PRODUCT_BUNDLE_IDENTIFIER = org.chesno.declarationsIOS;
				PRODUCT_NAME = "$(TARGET_NAME)";
				PROVISIONING_PROFILE = "";
				TARGETED_DEVICE_FAMILY = "1,2";
				WRAPPER_EXTENSION = app;
			};
			name = AdHoc;
		};
		02B26658192F51030091C2EA /* AdHoc */ = {
			isa = XCBuildConfiguration;
			buildSettings = {
				BUNDLE_LOADER = "$(BUILT_PRODUCTS_DIR)/Declarations.app/Declarations";
				FRAMEWORK_SEARCH_PATHS = (
					"$(SDKROOT)/Developer/Library/Frameworks",
					"$(inherited)",
					"$(DEVELOPER_FRAMEWORKS_DIR)",
				);
				GCC_PRECOMPILE_PREFIX_HEADER = YES;
				GCC_PREFIX_HEADER = "Declarations/Declarations-Prefix.pch";
				INFOPLIST_FILE = "DeclarationsTests/DeclarationsTests-Info.plist";
				PRODUCT_BUNDLE_IDENTIFIER = "org.chesno.${PRODUCT_NAME:rfc1034identifier}";
				PRODUCT_NAME = "$(TARGET_NAME)";
				TEST_HOST = "$(BUNDLE_LOADER)";
				WRAPPER_EXTENSION = xctest;
			};
			name = AdHoc;
		};
/* End XCBuildConfiguration section */

/* Begin XCConfigurationList section */
		02B265F3192A89B40091C2EA /* Build configuration list for PBXProject "Declarations" */ = {
			isa = XCConfigurationList;
			buildConfigurations = (
				02B2662B192A89B40091C2EA /* Debug */,
				02B2662C192A89B40091C2EA /* Release */,
				02B26656192F51030091C2EA /* AdHoc */,
			);
			defaultConfigurationIsVisible = 0;
			defaultConfigurationName = Release;
		};
		02B2662D192A89B40091C2EA /* Build configuration list for PBXNativeTarget "Declarations" */ = {
			isa = XCConfigurationList;
			buildConfigurations = (
				02B2662E192A89B40091C2EA /* Debug */,
				02B2662F192A89B40091C2EA /* Release */,
				02B26657192F51030091C2EA /* AdHoc */,
			);
			defaultConfigurationIsVisible = 0;
			defaultConfigurationName = Release;
		};
		02B26630192A89B40091C2EA /* Build configuration list for PBXNativeTarget "DeclarationsTests" */ = {
			isa = XCConfigurationList;
			buildConfigurations = (
				02B26631192A89B40091C2EA /* Debug */,
				02B26632192A89B40091C2EA /* Release */,
				02B26658192F51030091C2EA /* AdHoc */,
			);
			defaultConfigurationIsVisible = 0;
			defaultConfigurationName = Release;
		};
/* End XCConfigurationList section */
	};
	rootObject = 02B265F0192A89B40091C2EA /* Project object */;
}
