// !$*UTF8*$!
{
	archiveVersion = 1;
	classes = {
	};
	objectVersion = 46;
	objects = {

/* Begin PBXBuildFile section */
		025EE78C195B4AB1006531EF /* DCCategory.m in Sources */ = {isa = PBXBuildFile; fileRef = 025EE78B195B4AB1006531EF /* DCCategory.m */; };
		025EE790195B4F4E006531EF /* DCCategoryCell.m in Sources */ = {isa = PBXBuildFile; fileRef = 025EE78F195B4F4E006531EF /* DCCategoryCell.m */; };
		0272BCD41965DC9A0013CE24 /* DCValueCellView.m in Sources */ = {isa = PBXBuildFile; fileRef = 0272BCD31965DC9A0013CE24 /* DCValueCellView.m */; };
		0272BCD71965E5240013CE24 /* DCVehicleTableViewCell.m in Sources */ = {isa = PBXBuildFile; fileRef = 0272BCD61965E5240013CE24 /* DCVehicleTableViewCell.m */; };
		02912E0519609D4D007963E5 /* DCCategoryViewController.m in Sources */ = {isa = PBXBuildFile; fileRef = 02912E0419609D4D007963E5 /* DCCategoryViewController.m */; };
		02B265FC192A89B40091C2EA /* Foundation.framework in Frameworks */ = {isa = PBXBuildFile; fileRef = 02B265FB192A89B40091C2EA /* Foundation.framework */; };
		02B265FE192A89B40091C2EA /* CoreGraphics.framework in Frameworks */ = {isa = PBXBuildFile; fileRef = 02B265FD192A89B40091C2EA /* CoreGraphics.framework */; };
		02B26600192A89B40091C2EA /* UIKit.framework in Frameworks */ = {isa = PBXBuildFile; fileRef = 02B265FF192A89B40091C2EA /* UIKit.framework */; };
		02B26606192A89B40091C2EA /* InfoPlist.strings in Resources */ = {isa = PBXBuildFile; fileRef = 02B26604192A89B40091C2EA /* InfoPlist.strings */; };
		02B26608192A89B40091C2EA /* main.m in Sources */ = {isa = PBXBuildFile; fileRef = 02B26607192A89B40091C2EA /* main.m */; };
		02B2660C192A89B40091C2EA /* DCAppDelegate.m in Sources */ = {isa = PBXBuildFile; fileRef = 02B2660B192A89B40091C2EA /* DCAppDelegate.m */; };
		02B2660F192A89B40091C2EA /* Main.storyboard in Resources */ = {isa = PBXBuildFile; fileRef = 02B2660D192A89B40091C2EA /* Main.storyboard */; };
		02B26612192A89B40091C2EA /* DCDeputyViewController.m in Sources */ = {isa = PBXBuildFile; fileRef = 02B26611192A89B40091C2EA /* DCDeputyViewController.m */; };
		02B26615192A89B40091C2EA /* DCSecondViewController.m in Sources */ = {isa = PBXBuildFile; fileRef = 02B26614192A89B40091C2EA /* DCSecondViewController.m */; };
		02B26617192A89B40091C2EA /* Images.xcassets in Resources */ = {isa = PBXBuildFile; fileRef = 02B26616192A89B40091C2EA /* Images.xcassets */; };
		02B2661E192A89B40091C2EA /* XCTest.framework in Frameworks */ = {isa = PBXBuildFile; fileRef = 02B2661D192A89B40091C2EA /* XCTest.framework */; };
		02B2661F192A89B40091C2EA /* Foundation.framework in Frameworks */ = {isa = PBXBuildFile; fileRef = 02B265FB192A89B40091C2EA /* Foundation.framework */; };
		02B26620192A89B40091C2EA /* UIKit.framework in Frameworks */ = {isa = PBXBuildFile; fileRef = 02B265FF192A89B40091C2EA /* UIKit.framework */; };
		02B26628192A89B40091C2EA /* InfoPlist.strings in Resources */ = {isa = PBXBuildFile; fileRef = 02B26626192A89B40091C2EA /* InfoPlist.strings */; };
		02B2662A192A89B40091C2EA /* DeclarationsTests.m in Sources */ = {isa = PBXBuildFile; fileRef = 02B26629192A89B40091C2EA /* DeclarationsTests.m */; };
		02B26636192A913C0091C2EA /* DCPerson.m in Sources */ = {isa = PBXBuildFile; fileRef = 02B26635192A913C0091C2EA /* DCPerson.m */; };
		02B26639192B4DDE0091C2EA /* DCDeclaration.m in Sources */ = {isa = PBXBuildFile; fileRef = 02B26638192B4DDE0091C2EA /* DCDeclaration.m */; };
		02B2663C192B6FE30091C2EA /* DCDeclarationsViewController.m in Sources */ = {isa = PBXBuildFile; fileRef = 02B2663B192B6FE30091C2EA /* DCDeclarationsViewController.m */; };
		02B26643192B823F0091C2EA /* DCDeclarationViewController.m in Sources */ = {isa = PBXBuildFile; fileRef = 02B26642192B823F0091C2EA /* DCDeclarationViewController.m */; };
		02B26653192F4FF40091C2EA /* libTestFlight.a in Frameworks */ = {isa = PBXBuildFile; fileRef = 02B2664D192F4FF40091C2EA /* libTestFlight.a */; };
		02B26654192F4FF40091C2EA /* README.md in Resources */ = {isa = PBXBuildFile; fileRef = 02B2664E192F4FF40091C2EA /* README.md */; };
		02B26655192F4FF40091C2EA /* release_notes.md in Resources */ = {isa = PBXBuildFile; fileRef = 02B2664F192F4FF40091C2EA /* release_notes.md */; };
		02B2665B192F51330091C2EA /* AdHoc.xcconfig in Resources */ = {isa = PBXBuildFile; fileRef = 02B2665A192F51330091C2EA /* AdHoc.xcconfig */; };
		02B26660192F545E0091C2EA /* libz.dylib in Frameworks */ = {isa = PBXBuildFile; fileRef = 02B2665F192F545E0091C2EA /* libz.dylib */; };
		02B27E8B19680BF2001E9A3B /* DCDeclarationFooterView.m in Sources */ = {isa = PBXBuildFile; fileRef = 02B27E8A19680BF2001E9A3B /* DCDeclarationFooterView.m */; };
		1142E517ED8E4C2BBE1627A4 /* libPods.a in Frameworks */ = {isa = PBXBuildFile; fileRef = 27D55BB53B444E0F8E6EFB0E /* libPods.a */; };
		B82FDBC4193291B500E12D30 /* DCGeneralInfo.m in Sources */ = {isa = PBXBuildFile; fileRef = B82FDBC3193291B500E12D30 /* DCGeneralInfo.m */; };
		B82FDBC81932923600E12D30 /* DCProfitInfo.m in Sources */ = {isa = PBXBuildFile; fileRef = B82FDBC71932923600E12D30 /* DCProfitInfo.m */; };
		B82FDBCB193292DC00E12D30 /* DCValue.m in Sources */ = {isa = PBXBuildFile; fileRef = B82FDBCA193292DC00E12D30 /* DCValue.m */; };
		B864A1F41935008D00FA5D58 /* DCRealtyInfo.m in Sources */ = {isa = PBXBuildFile; fileRef = B864A1F31935008D00FA5D58 /* DCRealtyInfo.m */; };
		B864A1F71935025500FA5D58 /* DCVehiclesInfo.m in Sources */ = {isa = PBXBuildFile; fileRef = B864A1F61935025500FA5D58 /* DCVehiclesInfo.m */; };
		B864A1FB193504B100FA5D58 /* DCDepositsInfo.m in Sources */ = {isa = PBXBuildFile; fileRef = B864A1FA193504B100FA5D58 /* DCDepositsInfo.m */; };
		B864A1FE193508CE00FA5D58 /* DCFinancialLiabilities.m in Sources */ = {isa = PBXBuildFile; fileRef = B864A1FD193508CE00FA5D58 /* DCFinancialLiabilities.m */; };
		B87BAF3F1965DFCE00964A70 /* DCVehicle.m in Sources */ = {isa = PBXBuildFile; fileRef = B87BAF3E1965DFCE00964A70 /* DCVehicle.m */; };
		B88CCE48192E5F2800DE6960 /* declaration_example.dat in Resources */ = {isa = PBXBuildFile; fileRef = B88CCE47192E5F2800DE6960 /* declaration_example.dat */; };
		B8ABC2A0192B727400BAD5E5 /* DCDataLoader.m in Sources */ = {isa = PBXBuildFile; fileRef = B8ABC29F192B727400BAD5E5 /* DCDataLoader.m */; };
/* End PBXBuildFile section */

/* Begin PBXContainerItemProxy section */
		02B26621192A89B40091C2EA /* PBXContainerItemProxy */ = {
			isa = PBXContainerItemProxy;
			containerPortal = 02B265F0192A89B40091C2EA /* Project object */;
			proxyType = 1;
			remoteGlobalIDString = 02B265F7192A89B40091C2EA;
			remoteInfo = Declarations;
		};
/* End PBXContainerItemProxy section */

/* Begin PBXFileReference section */
		025EE78A195B4AB1006531EF /* DCCategory.h */ = {isa = PBXFileReference; fileEncoding = 4; lastKnownFileType = sourcecode.c.h; path = DCCategory.h; sourceTree = "<group>"; };
		025EE78B195B4AB1006531EF /* DCCategory.m */ = {isa = PBXFileReference; fileEncoding = 4; lastKnownFileType = sourcecode.c.objc; path = DCCategory.m; sourceTree = "<group>"; };
		025EE78E195B4F4E006531EF /* DCCategoryCell.h */ = {isa = PBXFileReference; fileEncoding = 4; lastKnownFileType = sourcecode.c.h; path = DCCategoryCell.h; sourceTree = "<group>"; };
		025EE78F195B4F4E006531EF /* DCCategoryCell.m */ = {isa = PBXFileReference; fileEncoding = 4; lastKnownFileType = sourcecode.c.objc; path = DCCategoryCell.m; sourceTree = "<group>"; };
		0272BCD21965DC9A0013CE24 /* DCValueCellView.h */ = {isa = PBXFileReference; fileEncoding = 4; lastKnownFileType = sourcecode.c.h; path = DCValueCellView.h; sourceTree = "<group>"; };
		0272BCD31965DC9A0013CE24 /* DCValueCellView.m */ = {isa = PBXFileReference; fileEncoding = 4; lastKnownFileType = sourcecode.c.objc; path = DCValueCellView.m; sourceTree = "<group>"; };
		0272BCD51965E5240013CE24 /* DCVehicleTableViewCell.h */ = {isa = PBXFileReference; fileEncoding = 4; lastKnownFileType = sourcecode.c.h; path = DCVehicleTableViewCell.h; sourceTree = "<group>"; };
		0272BCD61965E5240013CE24 /* DCVehicleTableViewCell.m */ = {isa = PBXFileReference; fileEncoding = 4; lastKnownFileType = sourcecode.c.objc; path = DCVehicleTableViewCell.m; sourceTree = "<group>"; };
		02912E0319609D4D007963E5 /* DCCategoryViewController.h */ = {isa = PBXFileReference; fileEncoding = 4; lastKnownFileType = sourcecode.c.h; path = DCCategoryViewController.h; sourceTree = "<group>"; };
		02912E0419609D4D007963E5 /* DCCategoryViewController.m */ = {isa = PBXFileReference; fileEncoding = 4; lastKnownFileType = sourcecode.c.objc; path = DCCategoryViewController.m; sourceTree = "<group>"; };
		02B265F8192A89B40091C2EA /* Declarations.app */ = {isa = PBXFileReference; explicitFileType = wrapper.application; includeInIndex = 0; path = Declarations.app; sourceTree = BUILT_PRODUCTS_DIR; };
		02B265FB192A89B40091C2EA /* Foundation.framework */ = {isa = PBXFileReference; lastKnownFileType = wrapper.framework; name = Foundation.framework; path = System/Library/Frameworks/Foundation.framework; sourceTree = SDKROOT; };
		02B265FD192A89B40091C2EA /* CoreGraphics.framework */ = {isa = PBXFileReference; lastKnownFileType = wrapper.framework; name = CoreGraphics.framework; path = System/Library/Frameworks/CoreGraphics.framework; sourceTree = SDKROOT; };
		02B265FF192A89B40091C2EA /* UIKit.framework */ = {isa = PBXFileReference; lastKnownFileType = wrapper.framework; name = UIKit.framework; path = System/Library/Frameworks/UIKit.framework; sourceTree = SDKROOT; };
		02B26603192A89B40091C2EA /* Declarations-Info.plist */ = {isa = PBXFileReference; lastKnownFileType = text.plist.xml; path = "Declarations-Info.plist"; sourceTree = "<group>"; };
		02B26605192A89B40091C2EA /* en */ = {isa = PBXFileReference; lastKnownFileType = text.plist.strings; name = en; path = en.lproj/InfoPlist.strings; sourceTree = "<group>"; };
		02B26607192A89B40091C2EA /* main.m */ = {isa = PBXFileReference; lastKnownFileType = sourcecode.c.objc; path = main.m; sourceTree = "<group>"; };
		02B26609192A89B40091C2EA /* Declarations-Prefix.pch */ = {isa = PBXFileReference; lastKnownFileType = sourcecode.c.h; path = "Declarations-Prefix.pch"; sourceTree = "<group>"; };
		02B2660A192A89B40091C2EA /* DCAppDelegate.h */ = {isa = PBXFileReference; lastKnownFileType = sourcecode.c.h; path = DCAppDelegate.h; sourceTree = "<group>"; };
		02B2660B192A89B40091C2EA /* DCAppDelegate.m */ = {isa = PBXFileReference; lastKnownFileType = sourcecode.c.objc; path = DCAppDelegate.m; sourceTree = "<group>"; };
		02B2660E192A89B40091C2EA /* Base */ = {isa = PBXFileReference; lastKnownFileType = file.storyboard; name = Base; path = Base.lproj/Main.storyboard; sourceTree = "<group>"; };
		02B26610192A89B40091C2EA /* DCDeputyViewController.h */ = {isa = PBXFileReference; lastKnownFileType = sourcecode.c.h; path = DCDeputyViewController.h; sourceTree = "<group>"; };
		02B26611192A89B40091C2EA /* DCDeputyViewController.m */ = {isa = PBXFileReference; lastKnownFileType = sourcecode.c.objc; path = DCDeputyViewController.m; sourceTree = "<group>"; };
		02B26613192A89B40091C2EA /* DCSecondViewController.h */ = {isa = PBXFileReference; lastKnownFileType = sourcecode.c.h; path = DCSecondViewController.h; sourceTree = "<group>"; };
		02B26614192A89B40091C2EA /* DCSecondViewController.m */ = {isa = PBXFileReference; lastKnownFileType = sourcecode.c.objc; path = DCSecondViewController.m; sourceTree = "<group>"; };
		02B26616192A89B40091C2EA /* Images.xcassets */ = {isa = PBXFileReference; lastKnownFileType = folder.assetcatalog; path = Images.xcassets; sourceTree = "<group>"; };
		02B2661C192A89B40091C2EA /* DeclarationsTests.xctest */ = {isa = PBXFileReference; explicitFileType = wrapper.cfbundle; includeInIndex = 0; path = DeclarationsTests.xctest; sourceTree = BUILT_PRODUCTS_DIR; };
		02B2661D192A89B40091C2EA /* XCTest.framework */ = {isa = PBXFileReference; lastKnownFileType = wrapper.framework; name = XCTest.framework; path = Library/Frameworks/XCTest.framework; sourceTree = DEVELOPER_DIR; };
		02B26625192A89B40091C2EA /* DeclarationsTests-Info.plist */ = {isa = PBXFileReference; lastKnownFileType = text.plist.xml; path = "DeclarationsTests-Info.plist"; sourceTree = "<group>"; };
		02B26627192A89B40091C2EA /* en */ = {isa = PBXFileReference; lastKnownFileType = text.plist.strings; name = en; path = en.lproj/InfoPlist.strings; sourceTree = "<group>"; };
		02B26629192A89B40091C2EA /* DeclarationsTests.m */ = {isa = PBXFileReference; lastKnownFileType = sourcecode.c.objc; path = DeclarationsTests.m; sourceTree = "<group>"; };
		02B26634192A913C0091C2EA /* DCPerson.h */ = {isa = PBXFileReference; fileEncoding = 4; lastKnownFileType = sourcecode.c.h; path = DCPerson.h; sourceTree = "<group>"; };
		02B26635192A913C0091C2EA /* DCPerson.m */ = {isa = PBXFileReference; fileEncoding = 4; lastKnownFileType = sourcecode.c.objc; path = DCPerson.m; sourceTree = "<group>"; };
		02B26637192B4DDE0091C2EA /* DCDeclaration.h */ = {isa = PBXFileReference; fileEncoding = 4; lastKnownFileType = sourcecode.c.h; path = DCDeclaration.h; sourceTree = "<group>"; };
		02B26638192B4DDE0091C2EA /* DCDeclaration.m */ = {isa = PBXFileReference; fileEncoding = 4; lastKnownFileType = sourcecode.c.objc; path = DCDeclaration.m; sourceTree = "<group>"; };
		02B2663A192B6FE30091C2EA /* DCDeclarationsViewController.h */ = {isa = PBXFileReference; fileEncoding = 4; lastKnownFileType = sourcecode.c.h; path = DCDeclarationsViewController.h; sourceTree = "<group>"; };
		02B2663B192B6FE30091C2EA /* DCDeclarationsViewController.m */ = {isa = PBXFileReference; fileEncoding = 4; lastKnownFileType = sourcecode.c.objc; path = DCDeclarationsViewController.m; sourceTree = "<group>"; };
		02B26641192B823F0091C2EA /* DCDeclarationViewController.h */ = {isa = PBXFileReference; fileEncoding = 4; lastKnownFileType = sourcecode.c.h; path = DCDeclarationViewController.h; sourceTree = "<group>"; };
		02B26642192B823F0091C2EA /* DCDeclarationViewController.m */ = {isa = PBXFileReference; fileEncoding = 4; lastKnownFileType = sourcecode.c.objc; path = DCDeclarationViewController.m; sourceTree = "<group>"; };
		02B2664D192F4FF40091C2EA /* libTestFlight.a */ = {isa = PBXFileReference; lastKnownFileType = archive.ar; path = libTestFlight.a; sourceTree = "<group>"; };
		02B2664E192F4FF40091C2EA /* README.md */ = {isa = PBXFileReference; fileEncoding = 4; lastKnownFileType = text; path = README.md; sourceTree = "<group>"; };
		02B2664F192F4FF40091C2EA /* release_notes.md */ = {isa = PBXFileReference; fileEncoding = 4; lastKnownFileType = text; path = release_notes.md; sourceTree = "<group>"; };
		02B26650192F4FF40091C2EA /* TestFlight+AsyncLogging.h */ = {isa = PBXFileReference; fileEncoding = 4; lastKnownFileType = sourcecode.c.h; path = "TestFlight+AsyncLogging.h"; sourceTree = "<group>"; };
		02B26651192F4FF40091C2EA /* TestFlight+ManualSessions.h */ = {isa = PBXFileReference; fileEncoding = 4; lastKnownFileType = sourcecode.c.h; path = "TestFlight+ManualSessions.h"; sourceTree = "<group>"; };
		02B26652192F4FF40091C2EA /* TestFlight.h */ = {isa = PBXFileReference; fileEncoding = 4; lastKnownFileType = sourcecode.c.h; path = TestFlight.h; sourceTree = "<group>"; };
		02B2665A192F51330091C2EA /* AdHoc.xcconfig */ = {isa = PBXFileReference; fileEncoding = 4; lastKnownFileType = text.xcconfig; path = AdHoc.xcconfig; sourceTree = "<group>"; };
		02B2665D192F54430091C2EA /* Security.framework */ = {isa = PBXFileReference; lastKnownFileType = wrapper.framework; name = Security.framework; path = System/Library/Frameworks/Security.framework; sourceTree = SDKROOT; };
		02B2665F192F545E0091C2EA /* libz.dylib */ = {isa = PBXFileReference; lastKnownFileType = "compiled.mach-o.dylib"; name = libz.dylib; path = usr/lib/libz.dylib; sourceTree = SDKROOT; };
		02B26661192F59DA0091C2EA /* Declarations.entitlements */ = {isa = PBXFileReference; lastKnownFileType = text.xml; path = Declarations.entitlements; sourceTree = "<group>"; };
		02B27E8919680BF2001E9A3B /* DCDeclarationFooterView.h */ = {isa = PBXFileReference; fileEncoding = 4; lastKnownFileType = sourcecode.c.h; path = DCDeclarationFooterView.h; sourceTree = "<group>"; };
		02B27E8A19680BF2001E9A3B /* DCDeclarationFooterView.m */ = {isa = PBXFileReference; fileEncoding = 4; lastKnownFileType = sourcecode.c.objc; path = DCDeclarationFooterView.m; sourceTree = "<group>"; };
		27D55BB53B444E0F8E6EFB0E /* libPods.a */ = {isa = PBXFileReference; explicitFileType = archive.ar; includeInIndex = 0; path = libPods.a; sourceTree = BUILT_PRODUCTS_DIR; };
		B02876D11A264CB4925FD24F /* Pods.xcconfig */ = {isa = PBXFileReference; includeInIndex = 1; lastKnownFileType = text.xcconfig; name = Pods.xcconfig; path = Pods/Pods.xcconfig; sourceTree = "<group>"; };
		B82FDBC2193291B500E12D30 /* DCGeneralInfo.h */ = {isa = PBXFileReference; fileEncoding = 4; lastKnownFileType = sourcecode.c.h; path = DCGeneralInfo.h; sourceTree = "<group>"; };
		B82FDBC3193291B500E12D30 /* DCGeneralInfo.m */ = {isa = PBXFileReference; fileEncoding = 4; lastKnownFileType = sourcecode.c.objc; path = DCGeneralInfo.m; sourceTree = "<group>"; };
		B82FDBC61932923600E12D30 /* DCProfitInfo.h */ = {isa = PBXFileReference; fileEncoding = 4; lastKnownFileType = sourcecode.c.h; path = DCProfitInfo.h; sourceTree = "<group>"; };
		B82FDBC71932923600E12D30 /* DCProfitInfo.m */ = {isa = PBXFileReference; fileEncoding = 4; lastKnownFileType = sourcecode.c.objc; path = DCProfitInfo.m; sourceTree = "<group>"; };
		B82FDBC9193292DC00E12D30 /* DCValue.h */ = {isa = PBXFileReference; fileEncoding = 4; lastKnownFileType = sourcecode.c.h; path = DCValue.h; sourceTree = "<group>"; };
		B82FDBCA193292DC00E12D30 /* DCValue.m */ = {isa = PBXFileReference; fileEncoding = 4; lastKnownFileType = sourcecode.c.objc; path = DCValue.m; sourceTree = "<group>"; };
		B864A1F21935008D00FA5D58 /* DCRealtyInfo.h */ = {isa = PBXFileReference; fileEncoding = 4; lastKnownFileType = sourcecode.c.h; path = DCRealtyInfo.h; sourceTree = "<group>"; };
		B864A1F31935008D00FA5D58 /* DCRealtyInfo.m */ = {isa = PBXFileReference; fileEncoding = 4; lastKnownFileType = sourcecode.c.objc; path = DCRealtyInfo.m; sourceTree = "<group>"; };
		B864A1F51935025500FA5D58 /* DCVehiclesInfo.h */ = {isa = PBXFileReference; fileEncoding = 4; lastKnownFileType = sourcecode.c.h; path = DCVehiclesInfo.h; sourceTree = "<group>"; };
		B864A1F61935025500FA5D58 /* DCVehiclesInfo.m */ = {isa = PBXFileReference; fileEncoding = 4; lastKnownFileType = sourcecode.c.objc; path = DCVehiclesInfo.m; sourceTree = "<group>"; };
		B864A1F9193504B100FA5D58 /* DCDepositsInfo.h */ = {isa = PBXFileReference; fileEncoding = 4; lastKnownFileType = sourcecode.c.h; path = DCDepositsInfo.h; sourceTree = "<group>"; };
		B864A1FA193504B100FA5D58 /* DCDepositsInfo.m */ = {isa = PBXFileReference; fileEncoding = 4; lastKnownFileType = sourcecode.c.objc; path = DCDepositsInfo.m; sourceTree = "<group>"; };
		B864A1FC193508CE00FA5D58 /* DCFinancialLiabilities.h */ = {isa = PBXFileReference; fileEncoding = 4; lastKnownFileType = sourcecode.c.h; path = DCFinancialLiabilities.h; sourceTree = "<group>"; };
		B864A1FD193508CE00FA5D58 /* DCFinancialLiabilities.m */ = {isa = PBXFileReference; fileEncoding = 4; lastKnownFileType = sourcecode.c.objc; path = DCFinancialLiabilities.m; sourceTree = "<group>"; };
		B87BAF3D1965DFCE00964A70 /* DCVehicle.h */ = {isa = PBXFileReference; fileEncoding = 4; lastKnownFileType = sourcecode.c.h; path = DCVehicle.h; sourceTree = "<group>"; };
		B87BAF3E1965DFCE00964A70 /* DCVehicle.m */ = {isa = PBXFileReference; fileEncoding = 4; lastKnownFileType = sourcecode.c.objc; path = DCVehicle.m; sourceTree = "<group>"; };
		B88CCE47192E5F2800DE6960 /* declaration_example.dat */ = {isa = PBXFileReference; fileEncoding = 4; lastKnownFileType = text; path = declaration_example.dat; sourceTree = "<group>"; };
		B8ABC29E192B727400BAD5E5 /* DCDataLoader.h */ = {isa = PBXFileReference; fileEncoding = 4; lastKnownFileType = sourcecode.c.h; path = DCDataLoader.h; sourceTree = "<group>"; };
		B8ABC29F192B727400BAD5E5 /* DCDataLoader.m */ = {isa = PBXFileReference; fileEncoding = 4; lastKnownFileType = sourcecode.c.objc; path = DCDataLoader.m; sourceTree = "<group>"; };
/* End PBXFileReference section */

/* Begin PBXFrameworksBuildPhase section */
		02B265F5192A89B40091C2EA /* Frameworks */ = {
			isa = PBXFrameworksBuildPhase;
			buildActionMask = 2147483647;
			files = (
				02B26660192F545E0091C2EA /* libz.dylib in Frameworks */,
				02B265FE192A89B40091C2EA /* CoreGraphics.framework in Frameworks */,
				02B26600192A89B40091C2EA /* UIKit.framework in Frameworks */,
				02B265FC192A89B40091C2EA /* Foundation.framework in Frameworks */,
				02B26653192F4FF40091C2EA /* libTestFlight.a in Frameworks */,
				1142E517ED8E4C2BBE1627A4 /* libPods.a in Frameworks */,
			);
			runOnlyForDeploymentPostprocessing = 0;
		};
		02B26619192A89B40091C2EA /* Frameworks */ = {
			isa = PBXFrameworksBuildPhase;
			buildActionMask = 2147483647;
			files = (
				02B2661E192A89B40091C2EA /* XCTest.framework in Frameworks */,
				02B26620192A89B40091C2EA /* UIKit.framework in Frameworks */,
				02B2661F192A89B40091C2EA /* Foundation.framework in Frameworks */,
			);
			runOnlyForDeploymentPostprocessing = 0;
		};
/* End PBXFrameworksBuildPhase section */

/* Begin PBXGroup section */
		025EE78D195B4EF5006531EF /* Views */ = {
			isa = PBXGroup;
			children = (
				025EE78E195B4F4E006531EF /* DCCategoryCell.h */,
				025EE78F195B4F4E006531EF /* DCCategoryCell.m */,
			);
			name = Views;
			sourceTree = "<group>";
		};
		02B265EF192A89B40091C2EA = {
			isa = PBXGroup;
			children = (
				02B26601192A89B40091C2EA /* Declarations */,
				02B26623192A89B40091C2EA /* DeclarationsTests */,
				02B26659192F51140091C2EA /* Build Configs */,
				02B265FA192A89B40091C2EA /* Frameworks */,
				02B265F9192A89B40091C2EA /* Products */,
				B02876D11A264CB4925FD24F /* Pods.xcconfig */,
			);
			sourceTree = "<group>";
		};
		02B265F9192A89B40091C2EA /* Products */ = {
			isa = PBXGroup;
			children = (
				02B265F8192A89B40091C2EA /* Declarations.app */,
				02B2661C192A89B40091C2EA /* DeclarationsTests.xctest */,
			);
			name = Products;
			sourceTree = "<group>";
		};
		02B265FA192A89B40091C2EA /* Frameworks */ = {
			isa = PBXGroup;
			children = (
				02B2665F192F545E0091C2EA /* libz.dylib */,
				02B2665D192F54430091C2EA /* Security.framework */,
				02B2664C192F4FF40091C2EA /* TestFlight */,
				02B265FB192A89B40091C2EA /* Foundation.framework */,
				02B265FD192A89B40091C2EA /* CoreGraphics.framework */,
				02B265FF192A89B40091C2EA /* UIKit.framework */,
				02B2661D192A89B40091C2EA /* XCTest.framework */,
				27D55BB53B444E0F8E6EFB0E /* libPods.a */,
			);
			name = Frameworks;
			sourceTree = "<group>";
		};
		02B26601192A89B40091C2EA /* Declarations */ = {
			isa = PBXGroup;
			children = (
				02B26661192F59DA0091C2EA /* Declarations.entitlements */,
				025EE78D195B4EF5006531EF /* Views */,
				B8ABC29D192B6E5A00BAD5E5 /* Connection */,
				02B26633192A912E0091C2EA /* Model */,
				02B26602192A89B40091C2EA /* Supporting Files */,
				02B2660A192A89B40091C2EA /* DCAppDelegate.h */,
				02B2660B192A89B40091C2EA /* DCAppDelegate.m */,
				02B2660D192A89B40091C2EA /* Main.storyboard */,
				02B26616192A89B40091C2EA /* Images.xcassets */,
				02B26610192A89B40091C2EA /* DCDeputyViewController.h */,
				02B26611192A89B40091C2EA /* DCDeputyViewController.m */,
				02B26613192A89B40091C2EA /* DCSecondViewController.h */,
				02B26614192A89B40091C2EA /* DCSecondViewController.m */,
				02B26641192B823F0091C2EA /* DCDeclarationViewController.h */,
				02B26642192B823F0091C2EA /* DCDeclarationViewController.m */,
				02B2663A192B6FE30091C2EA /* DCDeclarationsViewController.h */,
				02B2663B192B6FE30091C2EA /* DCDeclarationsViewController.m */,
				02912E0319609D4D007963E5 /* DCCategoryViewController.h */,
				02912E0419609D4D007963E5 /* DCCategoryViewController.m */,
				0272BCD21965DC9A0013CE24 /* DCValueCellView.h */,
				0272BCD31965DC9A0013CE24 /* DCValueCellView.m */,
				0272BCD51965E5240013CE24 /* DCVehicleTableViewCell.h */,
				0272BCD61965E5240013CE24 /* DCVehicleTableViewCell.m */,
				02B27E8919680BF2001E9A3B /* DCDeclarationFooterView.h */,
				02B27E8A19680BF2001E9A3B /* DCDeclarationFooterView.m */,
			);
			path = Declarations;
			sourceTree = "<group>";
		};
		02B26602192A89B40091C2EA /* Supporting Files */ = {
			isa = PBXGroup;
			children = (
				02B26603192A89B40091C2EA /* Declarations-Info.plist */,
				02B26604192A89B40091C2EA /* InfoPlist.strings */,
				02B26607192A89B40091C2EA /* main.m */,
				02B26609192A89B40091C2EA /* Declarations-Prefix.pch */,
				B88CCE47192E5F2800DE6960 /* declaration_example.dat */,
			);
			name = "Supporting Files";
			sourceTree = "<group>";
		};
		02B26623192A89B40091C2EA /* DeclarationsTests */ = {
			isa = PBXGroup;
			children = (
				02B26629192A89B40091C2EA /* DeclarationsTests.m */,
				02B26624192A89B40091C2EA /* Supporting Files */,
			);
			path = DeclarationsTests;
			sourceTree = "<group>";
		};
		02B26624192A89B40091C2EA /* Supporting Files */ = {
			isa = PBXGroup;
			children = (
				02B26625192A89B40091C2EA /* DeclarationsTests-Info.plist */,
				02B26626192A89B40091C2EA /* InfoPlist.strings */,
			);
			name = "Supporting Files";
			sourceTree = "<group>";
		};
		02B26633192A912E0091C2EA /* Model */ = {
			isa = PBXGroup;
			children = (
				B82FDBC51932920500E12D30 /* Declaration */,
				02B26634192A913C0091C2EA /* DCPerson.h */,
				02B26635192A913C0091C2EA /* DCPerson.m */,
			);
			name = Model;
			sourceTree = "<group>";
		};
		02B2664C192F4FF40091C2EA /* TestFlight */ = {
			isa = PBXGroup;
			children = (
				02B2664D192F4FF40091C2EA /* libTestFlight.a */,
				02B2664E192F4FF40091C2EA /* README.md */,
				02B2664F192F4FF40091C2EA /* release_notes.md */,
				02B26650192F4FF40091C2EA /* TestFlight+AsyncLogging.h */,
				02B26651192F4FF40091C2EA /* TestFlight+ManualSessions.h */,
				02B26652192F4FF40091C2EA /* TestFlight.h */,
			);
			name = TestFlight;
			path = Declarations/TestFlight;
			sourceTree = "<group>";
		};
		02B26659192F51140091C2EA /* Build Configs */ = {
			isa = PBXGroup;
			children = (
				02B2665A192F51330091C2EA /* AdHoc.xcconfig */,
			);
			name = "Build Configs";
			sourceTree = "<group>";
		};
		B82FDBC51932920500E12D30 /* Declaration */ = {
			isa = PBXGroup;
			children = (
				B864A1F81935028100FA5D58 /* Categories */,
				02B26637192B4DDE0091C2EA /* DCDeclaration.h */,
				02B26638192B4DDE0091C2EA /* DCDeclaration.m */,
				B82FDBC9193292DC00E12D30 /* DCValue.h */,
				B82FDBCA193292DC00E12D30 /* DCValue.m */,
			);
			name = Declaration;
			sourceTree = "<group>";
		};
		B864A1F81935028100FA5D58 /* Categories */ = {
			isa = PBXGroup;
			children = (
				025EE78A195B4AB1006531EF /* DCCategory.h */,
				025EE78B195B4AB1006531EF /* DCCategory.m */,
				B82FDBC2193291B500E12D30 /* DCGeneralInfo.h */,
				B82FDBC3193291B500E12D30 /* DCGeneralInfo.m */,
				B82FDBC61932923600E12D30 /* DCProfitInfo.h */,
				B82FDBC71932923600E12D30 /* DCProfitInfo.m */,
				B864A1F21935008D00FA5D58 /* DCRealtyInfo.h */,
				B864A1F31935008D00FA5D58 /* DCRealtyInfo.m */,
				B864A1F51935025500FA5D58 /* DCVehiclesInfo.h */,
				B864A1F61935025500FA5D58 /* DCVehiclesInfo.m */,
				B864A1F9193504B100FA5D58 /* DCDepositsInfo.h */,
				B864A1FA193504B100FA5D58 /* DCDepositsInfo.m */,
				B864A1FC193508CE00FA5D58 /* DCFinancialLiabilities.h */,
				B864A1FD193508CE00FA5D58 /* DCFinancialLiabilities.m */,
				B87BAF3D1965DFCE00964A70 /* DCVehicle.h */,
				B87BAF3E1965DFCE00964A70 /* DCVehicle.m */,
			);
			name = Categories;
			sourceTree = "<group>";
		};
		B8ABC29D192B6E5A00BAD5E5 /* Connection */ = {
			isa = PBXGroup;
			children = (
				B8ABC29E192B727400BAD5E5 /* DCDataLoader.h */,
				B8ABC29F192B727400BAD5E5 /* DCDataLoader.m */,
			);
			name = Connection;
			sourceTree = "<group>";
		};
/* End PBXGroup section */

/* Begin PBXNativeTarget section */
		02B265F7192A89B40091C2EA /* Declarations */ = {
			isa = PBXNativeTarget;
			buildConfigurationList = 02B2662D192A89B40091C2EA /* Build configuration list for PBXNativeTarget "Declarations" */;
			buildPhases = (
				C7386E231B2449C19AD2C731 /* Check Pods Manifest.lock */,
				02B265F4192A89B40091C2EA /* Sources */,
				02B265F5192A89B40091C2EA /* Frameworks */,
				02B265F6192A89B40091C2EA /* Resources */,
				436CE7DB916E472793BAD051 /* Copy Pods Resources */,
			);
			buildRules = (
			);
			dependencies = (
			);
			name = Declarations;
			productName = Declarations;
			productReference = 02B265F8192A89B40091C2EA /* Declarations.app */;
			productType = "com.apple.product-type.application";
		};
		02B2661B192A89B40091C2EA /* DeclarationsTests */ = {
			isa = PBXNativeTarget;
			buildConfigurationList = 02B26630192A89B40091C2EA /* Build configuration list for PBXNativeTarget "DeclarationsTests" */;
			buildPhases = (
				02B26618192A89B40091C2EA /* Sources */,
				02B26619192A89B40091C2EA /* Frameworks */,
				02B2661A192A89B40091C2EA /* Resources */,
			);
			buildRules = (
			);
			dependencies = (
				02B26622192A89B40091C2EA /* PBXTargetDependency */,
			);
			name = DeclarationsTests;
			productName = DeclarationsTests;
			productReference = 02B2661C192A89B40091C2EA /* DeclarationsTests.xctest */;
			productType = "com.apple.product-type.bundle.unit-test";
		};
/* End PBXNativeTarget section */

/* Begin PBXProject section */
		02B265F0192A89B40091C2EA /* Project object */ = {
			isa = PBXProject;
			attributes = {
				CLASSPREFIX = DC;
				LastUpgradeCheck = 0510;
				ORGANIZATIONNAME = Chesno;
				TargetAttributes = {
					02B265F7192A89B40091C2EA = {
						DevelopmentTeam = 94ZA6EM495;
						SystemCapabilities = {
							com.apple.BackgroundModes = {
								enabled = 0;
							};
							com.apple.iCloud = {
								enabled = 0;
							};
						};
					};
					02B2661B192A89B40091C2EA = {
						TestTargetID = 02B265F7192A89B40091C2EA;
					};
				};
			};
			buildConfigurationList = 02B265F3192A89B40091C2EA /* Build configuration list for PBXProject "Declarations" */;
			compatibilityVersion = "Xcode 3.2";
			developmentRegion = English;
			hasScannedForEncodings = 0;
			knownRegions = (
				en,
				Base,
			);
			mainGroup = 02B265EF192A89B40091C2EA;
			productRefGroup = 02B265F9192A89B40091C2EA /* Products */;
			projectDirPath = "";
			projectRoot = "";
			targets = (
				02B265F7192A89B40091C2EA /* Declarations */,
				02B2661B192A89B40091C2EA /* DeclarationsTests */,
			);
		};
/* End PBXProject section */

/* Begin PBXResourcesBuildPhase section */
		02B265F6192A89B40091C2EA /* Resources */ = {
			isa = PBXResourcesBuildPhase;
			buildActionMask = 2147483647;
			files = (
				02B26617192A89B40091C2EA /* Images.xcassets in Resources */,
				02B26606192A89B40091C2EA /* InfoPlist.strings in Resources */,
				02B26654192F4FF40091C2EA /* README.md in Resources */,
				02B2660F192A89B40091C2EA /* Main.storyboard in Resources */,
				02B2665B192F51330091C2EA /* AdHoc.xcconfig in Resources */,
				02B26655192F4FF40091C2EA /* release_notes.md in Resources */,
				B88CCE48192E5F2800DE6960 /* declaration_example.dat in Resources */,
			);
			runOnlyForDeploymentPostprocessing = 0;
		};
		02B2661A192A89B40091C2EA /* Resources */ = {
			isa = PBXResourcesBuildPhase;
			buildActionMask = 2147483647;
			files = (
				02B26628192A89B40091C2EA /* InfoPlist.strings in Resources */,
			);
			runOnlyForDeploymentPostprocessing = 0;
		};
/* End PBXResourcesBuildPhase section */

/* Begin PBXShellScriptBuildPhase section */
		436CE7DB916E472793BAD051 /* Copy Pods Resources */ = {
			isa = PBXShellScriptBuildPhase;
			buildActionMask = 2147483647;
			files = (
			);
			inputPaths = (
			);
			name = "Copy Pods Resources";
			outputPaths = (
			);
			runOnlyForDeploymentPostprocessing = 0;
			shellPath = /bin/sh;
			shellScript = "\"${SRCROOT}/Pods/Pods-resources.sh\"\n";
			showEnvVarsInLog = 0;
		};
		C7386E231B2449C19AD2C731 /* Check Pods Manifest.lock */ = {
			isa = PBXShellScriptBuildPhase;
			buildActionMask = 2147483647;
			files = (
			);
			inputPaths = (
			);
			name = "Check Pods Manifest.lock";
			outputPaths = (
			);
			runOnlyForDeploymentPostprocessing = 0;
			shellPath = /bin/sh;
			shellScript = "diff \"${PODS_ROOT}/../Podfile.lock\" \"${PODS_ROOT}/Manifest.lock\" > /dev/null\nif [[ $? != 0 ]] ; then\n    cat << EOM\nerror: The sandbox is not in sync with the Podfile.lock. Run 'pod install' or update your CocoaPods installation.\nEOM\n    exit 1\nfi\n";
			showEnvVarsInLog = 0;
		};
/* End PBXShellScriptBuildPhase section */

/* Begin PBXSourcesBuildPhase section */
		02B265F4192A89B40091C2EA /* Sources */ = {
			isa = PBXSourcesBuildPhase;
			buildActionMask = 2147483647;
			files = (
				02B27E8B19680BF2001E9A3B /* DCDeclarationFooterView.m in Sources */,
				02912E0519609D4D007963E5 /* DCCategoryViewController.m in Sources */,
				B82FDBCB193292DC00E12D30 /* DCValue.m in Sources */,
				02B26636192A913C0091C2EA /* DCPerson.m in Sources */,
				B82FDBC81932923600E12D30 /* DCProfitInfo.m in Sources */,
				B82FDBC4193291B500E12D30 /* DCGeneralInfo.m in Sources */,
				02B2663C192B6FE30091C2EA /* DCDeclarationsViewController.m in Sources */,
				B87BAF3F1965DFCE00964A70 /* DCVehicle.m in Sources */,
				02B26608192A89B40091C2EA /* main.m in Sources */,
				02B26615192A89B40091C2EA /* DCSecondViewController.m in Sources */,
				02B26612192A89B40091C2EA /* DCDeputyViewController.m in Sources */,
				B864A1F41935008D00FA5D58 /* DCRealtyInfo.m in Sources */,
				B864A1F71935025500FA5D58 /* DCVehiclesInfo.m in Sources */,
				B864A1FE193508CE00FA5D58 /* DCFinancialLiabilities.m in Sources */,
				02B2660C192A89B40091C2EA /* DCAppDelegate.m in Sources */,
				025EE790195B4F4E006531EF /* DCCategoryCell.m in Sources */,
				02B26639192B4DDE0091C2EA /* DCDeclaration.m in Sources */,
				B8ABC2A0192B727400BAD5E5 /* DCDataLoader.m in Sources */,
				B864A1FB193504B100FA5D58 /* DCDepositsInfo.m in Sources */,
				02B26643192B823F0091C2EA /* DCDeclarationViewController.m in Sources */,
				0272BCD71965E5240013CE24 /* DCVehicleTableViewCell.m in Sources */,
				025EE78C195B4AB1006531EF /* DCCategory.m in Sources */,
				0272BCD41965DC9A0013CE24 /* DCValueCellView.m in Sources */,
			);
			runOnlyForDeploymentPostprocessing = 0;
		};
		02B26618192A89B40091C2EA /* Sources */ = {
			isa = PBXSourcesBuildPhase;
			buildActionMask = 2147483647;
			files = (
				02B2662A192A89B40091C2EA /* DeclarationsTests.m in Sources */,
			);
			runOnlyForDeploymentPostprocessing = 0;
		};
/* End PBXSourcesBuildPhase section */

/* Begin PBXTargetDependency section */
		02B26622192A89B40091C2EA /* PBXTargetDependency */ = {
			isa = PBXTargetDependency;
			target = 02B265F7192A89B40091C2EA /* Declarations */;
			targetProxy = 02B26621192A89B40091C2EA /* PBXContainerItemProxy */;
		};
/* End PBXTargetDependency section */

/* Begin PBXVariantGroup section */
		02B26604192A89B40091C2EA /* InfoPlist.strings */ = {
			isa = PBXVariantGroup;
			children = (
				02B26605192A89B40091C2EA /* en */,
			);
			name = InfoPlist.strings;
			sourceTree = "<group>";
		};
		02B2660D192A89B40091C2EA /* Main.storyboard */ = {
			isa = PBXVariantGroup;
			children = (
				02B2660E192A89B40091C2EA /* Base */,
			);
			name = Main.storyboard;
			sourceTree = "<group>";
		};
		02B26626192A89B40091C2EA /* InfoPlist.strings */ = {
			isa = PBXVariantGroup;
			children = (
				02B26627192A89B40091C2EA /* en */,
			);
			name = InfoPlist.strings;
			sourceTree = "<group>";
		};
/* End PBXVariantGroup section */

/* Begin XCBuildConfiguration section */
		02B2662B192A89B40091C2EA /* Debug */ = {
			isa = XCBuildConfiguration;
			buildSettings = {
				ALWAYS_SEARCH_USER_PATHS = NO;
				CLANG_CXX_LANGUAGE_STANDARD = "gnu++0x";
				CLANG_CXX_LIBRARY = "libc++";
				CLANG_ENABLE_MODULES = YES;
				CLANG_ENABLE_OBJC_ARC = YES;
				CLANG_WARN_BOOL_CONVERSION = YES;
				CLANG_WARN_CONSTANT_CONVERSION = YES;
				CLANG_WARN_DIRECT_OBJC_ISA_USAGE = YES_ERROR;
				CLANG_WARN_EMPTY_BODY = YES;
				CLANG_WARN_ENUM_CONVERSION = YES;
				CLANG_WARN_INT_CONVERSION = YES;
				CLANG_WARN_OBJC_ROOT_CLASS = YES_ERROR;
				CLANG_WARN__DUPLICATE_METHOD_MATCH = YES;
				CODE_SIGN_IDENTITY = "iPhone Developer";
				COPY_PHASE_STRIP = NO;
				GCC_C_LANGUAGE_STANDARD = gnu99;
				GCC_DYNAMIC_NO_PIC = NO;
				GCC_OPTIMIZATION_LEVEL = 0;
				GCC_PREPROCESSOR_DEFINITIONS = (
					"DEBUG=1",
					"$(inherited)",
				);
				GCC_SYMBOLS_PRIVATE_EXTERN = NO;
				GCC_WARN_64_TO_32_BIT_CONVERSION = YES;
				GCC_WARN_ABOUT_RETURN_TYPE = YES_ERROR;
				GCC_WARN_UNDECLARED_SELECTOR = YES;
				GCC_WARN_UNINITIALIZED_AUTOS = YES_AGGRESSIVE;
				GCC_WARN_UNUSED_FUNCTION = YES;
				GCC_WARN_UNUSED_VARIABLE = YES;
				IPHONEOS_DEPLOYMENT_TARGET = 7.1;
				ONLY_ACTIVE_ARCH = YES;
				SDKROOT = iphoneos;
			};
			name = Debug;
		};
		02B2662C192A89B40091C2EA /* Release */ = {
			isa = XCBuildConfiguration;
			buildSettings = {
				ALWAYS_SEARCH_USER_PATHS = NO;
				CLANG_CXX_LANGUAGE_STANDARD = "gnu++0x";
				CLANG_CXX_LIBRARY = "libc++";
				CLANG_ENABLE_MODULES = YES;
				CLANG_ENABLE_OBJC_ARC = YES;
				CLANG_WARN_BOOL_CONVERSION = YES;
				CLANG_WARN_CONSTANT_CONVERSION = YES;
				CLANG_WARN_DIRECT_OBJC_ISA_USAGE = YES_ERROR;
				CLANG_WARN_EMPTY_BODY = YES;
				CLANG_WARN_ENUM_CONVERSION = YES;
				CLANG_WARN_INT_CONVERSION = YES;
				CLANG_WARN_OBJC_ROOT_CLASS = YES_ERROR;
				CLANG_WARN__DUPLICATE_METHOD_MATCH = YES;
				CODE_SIGN_IDENTITY = "iPhone Distribution";
				COPY_PHASE_STRIP = YES;
				ENABLE_NS_ASSERTIONS = NO;
				GCC_C_LANGUAGE_STANDARD = gnu99;
				GCC_WARN_64_TO_32_BIT_CONVERSION = YES;
				GCC_WARN_ABOUT_RETURN_TYPE = YES_ERROR;
				GCC_WARN_UNDECLARED_SELECTOR = YES;
				GCC_WARN_UNINITIALIZED_AUTOS = YES_AGGRESSIVE;
				GCC_WARN_UNUSED_FUNCTION = YES;
				GCC_WARN_UNUSED_VARIABLE = YES;
				IPHONEOS_DEPLOYMENT_TARGET = 7.1;
				SDKROOT = iphoneos;
				VALIDATE_PRODUCT = YES;
			};
			name = Release;
		};
		02B2662E192A89B40091C2EA /* Debug */ = {
			isa = XCBuildConfiguration;
			baseConfigurationReference = B02876D11A264CB4925FD24F /* Pods.xcconfig */;
			buildSettings = {
				ASSETCATALOG_COMPILER_APPICON_NAME = AppIcon;
				ASSETCATALOG_COMPILER_LAUNCHIMAGE_NAME = LaunchImage;
				CODE_SIGN_ENTITLEMENTS = Declarations/Declarations.entitlements;
				GCC_PRECOMPILE_PREFIX_HEADER = YES;
				GCC_PREFIX_HEADER = "Declarations/Declarations-Prefix.pch";
				INFOPLIST_FILE = "Declarations/Declarations-Info.plist";
				IPHONEOS_DEPLOYMENT_TARGET = 7.0;
				LIBRARY_SEARCH_PATHS = (
					"$(inherited)",
					"$(PROJECT_DIR)/Declarations/TestFlight",
				);
				PRODUCT_NAME = "$(TARGET_NAME)";
				WRAPPER_EXTENSION = app;
			};
			name = Debug;
		};
		02B2662F192A89B40091C2EA /* Release */ = {
			isa = XCBuildConfiguration;
			baseConfigurationReference = B02876D11A264CB4925FD24F /* Pods.xcconfig */;
			buildSettings = {
				ASSETCATALOG_COMPILER_APPICON_NAME = AppIcon;
				ASSETCATALOG_COMPILER_LAUNCHIMAGE_NAME = LaunchImage;
				CODE_SIGN_ENTITLEMENTS = Declarations/Declarations.entitlements;
				GCC_PRECOMPILE_PREFIX_HEADER = YES;
				GCC_PREFIX_HEADER = "Declarations/Declarations-Prefix.pch";
				INFOPLIST_FILE = "Declarations/Declarations-Info.plist";
				IPHONEOS_DEPLOYMENT_TARGET = 7.0;
				LIBRARY_SEARCH_PATHS = (
					"$(inherited)",
					"$(PROJECT_DIR)/Declarations/TestFlight",
				);
				PRODUCT_NAME = "$(TARGET_NAME)";
				WRAPPER_EXTENSION = app;
			};
			name = Release;
		};
		02B26631192A89B40091C2EA /* Debug */ = {
			isa = XCBuildConfiguration;
			buildSettings = {
				BUNDLE_LOADER = "$(BUILT_PRODUCTS_DIR)/Declarations.app/Declarations";
				FRAMEWORK_SEARCH_PATHS = (
					"$(SDKROOT)/Developer/Library/Frameworks",
					"$(inherited)",
					"$(DEVELOPER_FRAMEWORKS_DIR)",
				);
				GCC_PRECOMPILE_PREFIX_HEADER = YES;
				GCC_PREFIX_HEADER = "Declarations/Declarations-Prefix.pch";
				GCC_PREPROCESSOR_DEFINITIONS = (
					"DEBUG=1",
					"$(inherited)",
				);
				INFOPLIST_FILE = "DeclarationsTests/DeclarationsTests-Info.plist";
				PRODUCT_NAME = "$(TARGET_NAME)";
				TEST_HOST = "$(BUNDLE_LOADER)";
				WRAPPER_EXTENSION = xctest;
			};
			name = Debug;
		};
		02B26632192A89B40091C2EA /* Release */ = {
			isa = XCBuildConfiguration;
			buildSettings = {
				BUNDLE_LOADER = "$(BUILT_PRODUCTS_DIR)/Declarations.app/Declarations";
				FRAMEWORK_SEARCH_PATHS = (
					"$(SDKROOT)/Developer/Library/Frameworks",
					"$(inherited)",
					"$(DEVELOPER_FRAMEWORKS_DIR)",
				);
				GCC_PRECOMPILE_PREFIX_HEADER = YES;
				GCC_PREFIX_HEADER = "Declarations/Declarations-Prefix.pch";
				INFOPLIST_FILE = "DeclarationsTests/DeclarationsTests-Info.plist";
				PRODUCT_NAME = "$(TARGET_NAME)";
				TEST_HOST = "$(BUNDLE_LOADER)";
				WRAPPER_EXTENSION = xctest;
			};
			name = Release;
		};
		02B26656192F51030091C2EA /* AdHoc */ = {
			isa = XCBuildConfiguration;
			baseConfigurationReference = 02B2665A192F51330091C2EA /* AdHoc.xcconfig */;
			buildSettings = {
				ALWAYS_SEARCH_USER_PATHS = NO;
				CLANG_CXX_LANGUAGE_STANDARD = "gnu++0x";
				CLANG_CXX_LIBRARY = "libc++";
				CLANG_ENABLE_MODULES = YES;
				CLANG_ENABLE_OBJC_ARC = YES;
				CLANG_WARN_BOOL_CONVERSION = YES;
				CLANG_WARN_CONSTANT_CONVERSION = YES;
				CLANG_WARN_DIRECT_OBJC_ISA_USAGE = YES_ERROR;
				CLANG_WARN_EMPTY_BODY = YES;
				CLANG_WARN_ENUM_CONVERSION = YES;
				CLANG_WARN_INT_CONVERSION = YES;
				CLANG_WARN_OBJC_ROOT_CLASS = YES_ERROR;
				CLANG_WARN__DUPLICATE_METHOD_MATCH = YES;
				CODE_SIGN_IDENTITY = "iPhone Distribution";
				COPY_PHASE_STRIP = YES;
				ENABLE_NS_ASSERTIONS = NO;
				GCC_C_LANGUAGE_STANDARD = gnu99;
				GCC_WARN_64_TO_32_BIT_CONVERSION = YES;
				GCC_WARN_ABOUT_RETURN_TYPE = YES_ERROR;
				GCC_WARN_UNDECLARED_SELECTOR = YES;
				GCC_WARN_UNINITIALIZED_AUTOS = YES_AGGRESSIVE;
				GCC_WARN_UNUSED_FUNCTION = YES;
				GCC_WARN_UNUSED_VARIABLE = YES;
				IPHONEOS_DEPLOYMENT_TARGET = 7.1;
				SDKROOT = iphoneos;
				VALIDATE_PRODUCT = YES;
			};
			name = AdHoc;
		};
		02B26657192F51030091C2EA /* AdHoc */ = {
			isa = XCBuildConfiguration;
			baseConfigurationReference = B02876D11A264CB4925FD24F /* Pods.xcconfig */;
			buildSettings = {
				ASSETCATALOG_COMPILER_APPICON_NAME = AppIcon;
				ASSETCATALOG_COMPILER_LAUNCHIMAGE_NAME = LaunchImage;
				CODE_SIGN_ENTITLEMENTS = Declarations/Declarations.entitlements;
				GCC_PRECOMPILE_PREFIX_HEADER = YES;
				GCC_PREFIX_HEADER = "Declarations/Declarations-Prefix.pch";
				INFOPLIST_FILE = "Declarations/Declarations-Info.plist";
				IPHONEOS_DEPLOYMENT_TARGET = 7.0;
				LIBRARY_SEARCH_PATHS = (
					"$(inherited)",
					"$(PROJECT_DIR)/Declarations/TestFlight",
				);
				PRODUCT_NAME = "$(TARGET_NAME)";
				PROVISIONING_PROFILE = "8322D333-56D9-49BA-82C4-6F4E71012FFC";
				WRAPPER_EXTENSION = app;
			};
			name = AdHoc;
		};
		02B26658192F51030091C2EA /* AdHoc */ = {
			isa = XCBuildConfiguration;
			buildSettings = {
				BUNDLE_LOADER = "$(BUILT_PRODUCTS_DIR)/Declarations.app/Declarations";
				FRAMEWORK_SEARCH_PATHS = (
					"$(SDKROOT)/Developer/Library/Frameworks",
					"$(inherited)",
					"$(DEVELOPER_FRAMEWORKS_DIR)",
				);
				GCC_PRECOMPILE_PREFIX_HEADER = YES;
				GCC_PREFIX_HEADER = "Declarations/Declarations-Prefix.pch";
				INFOPLIST_FILE = "DeclarationsTests/DeclarationsTests-Info.plist";
				PRODUCT_NAME = "$(TARGET_NAME)";
				TEST_HOST = "$(BUNDLE_LOADER)";
				WRAPPER_EXTENSION = xctest;
			};
			name = AdHoc;
		};
/* End XCBuildConfiguration section */

/* Begin XCConfigurationList section */
		02B265F3192A89B40091C2EA /* Build configuration list for PBXProject "Declarations" */ = {
			isa = XCConfigurationList;
			buildConfigurations = (
				02B2662B192A89B40091C2EA /* Debug */,
				02B2662C192A89B40091C2EA /* Release */,
				02B26656192F51030091C2EA /* AdHoc */,
			);
			defaultConfigurationIsVisible = 0;
			defaultConfigurationName = Release;
		};
		02B2662D192A89B40091C2EA /* Build configuration list for PBXNativeTarget "Declarations" */ = {
			isa = XCConfigurationList;
			buildConfigurations = (
				02B2662E192A89B40091C2EA /* Debug */,
				02B2662F192A89B40091C2EA /* Release */,
				02B26657192F51030091C2EA /* AdHoc */,
			);
			defaultConfigurationIsVisible = 0;
			defaultConfigurationName = Release;
		};
		02B26630192A89B40091C2EA /* Build configuration list for PBXNativeTarget "DeclarationsTests" */ = {
			isa = XCConfigurationList;
			buildConfigurations = (
				02B26631192A89B40091C2EA /* Debug */,
				02B26632192A89B40091C2EA /* Release */,
				02B26658192F51030091C2EA /* AdHoc */,
			);
			defaultConfigurationIsVisible = 0;
			defaultConfigurationName = Release;
		};
/* End XCConfigurationList section */
	};
	rootObject = 02B265F0192A89B40091C2EA /* Project object */;
}
